// !$*UTF8*$!
{
	archiveVersion = 1;
	classes = {
	};
	objectVersion = 52;
	objects = {

/* Begin PBXBuildFile section */
		371DDBC12667EEF300A40576 /* Feed.framework in Frameworks */ = {isa = PBXBuildFile; fileRef = 371DDBB72667EEF300A40576 /* Feed.framework */; };
		371DDBC62667EEF300A40576 /* FeedTests.swift in Sources */ = {isa = PBXBuildFile; fileRef = 371DDBC52667EEF300A40576 /* FeedTests.swift */; };
		371DDBC82667EEF300A40576 /* Feed.h in Headers */ = {isa = PBXBuildFile; fileRef = 371DDBBA2667EEF300A40576 /* Feed.h */; settings = {ATTRIBUTES = (Public, ); }; };
		371DDBD42667EF1100A40576 /* FeedImage.swift in Sources */ = {isa = PBXBuildFile; fileRef = 371DDBD32667EF1100A40576 /* FeedImage.swift */; };
		371DDBD82667F03900A40576 /* FeedLoader.swift in Sources */ = {isa = PBXBuildFile; fileRef = 371DDBD72667F03900A40576 /* FeedLoader.swift */; };
		371DE70F26FFE21100DC23CF /* SharedTestHelpers.swift in Sources */ = {isa = PBXBuildFile; fileRef = 371DE70E26FFE21100DC23CF /* SharedTestHelpers.swift */; };
		371DE7192700E91400DC23CF /* FeedCachePolicy.swift in Sources */ = {isa = PBXBuildFile; fileRef = 371DE7182700E91400DC23CF /* FeedCachePolicy.swift */; };
		3729B8922669463F00514DFF /* LoadFeedFromRemoteUseCaseTest.swift in Sources */ = {isa = PBXBuildFile; fileRef = 3729B8912669463F00514DFF /* LoadFeedFromRemoteUseCaseTest.swift */; };
		373F95D426E29FC60083C3FF /* CacheFeedUseCaseTest.swift in Sources */ = {isa = PBXBuildFile; fileRef = 373F95D326E29FC60083C3FF /* CacheFeedUseCaseTest.swift */; };
		3740ED7626FE37B700A8113C /* ValidateFeedCacheUseCase.swift in Sources */ = {isa = PBXBuildFile; fileRef = 3740ED7526FE37B700A8113C /* ValidateFeedCacheUseCase.swift */; };
		37488B9C26EBCF5B0080CA4A /* LocalFeedLoader.swift in Sources */ = {isa = PBXBuildFile; fileRef = 37488B9B26EBCF5B0080CA4A /* LocalFeedLoader.swift */; };
		37488B9E26EBD00A0080CA4A /* FeedStore.swift in Sources */ = {isa = PBXBuildFile; fileRef = 37488B9D26EBD00A0080CA4A /* FeedStore.swift */; };
		3752FF9627618492008D5730 /* FeediOS.docc in Sources */ = {isa = PBXBuildFile; fileRef = 3752FF9527618492008D5730 /* FeediOS.docc */; };
		3752FF9C27618492008D5730 /* FeediOS.framework in Frameworks */ = {isa = PBXBuildFile; fileRef = 3752FF9227618492008D5730 /* FeediOS.framework */; };
		3752FFAB2772A5E2008D5730 /* FeedViewControllerTest.swift in Sources */ = {isa = PBXBuildFile; fileRef = 3752FFAA2772A5E2008D5730 /* FeedViewControllerTest.swift */; };
		3752FFAD2772A958008D5730 /* Feed.framework in Frameworks */ = {isa = PBXBuildFile; fileRef = 371DDBB72667EEF300A40576 /* Feed.framework */; platformFilter = ios; };
		3752FFAE2772A958008D5730 /* Feed.framework in Embed Frameworks */ = {isa = PBXBuildFile; fileRef = 371DDBB72667EEF300A40576 /* Feed.framework */; platformFilter = ios; settings = {ATTRIBUTES = (CodeSignOnCopy, RemoveHeadersOnCopy, ); }; };
		3752FFB22772AB00008D5730 /* XCTestCase+MemoryLeakTracking.swift in Sources */ = {isa = PBXBuildFile; fileRef = 37BB71C42684F3C700FD4601 /* XCTestCase+MemoryLeakTracking.swift */; };
		3752FFB42773FC08008D5730 /* FeedViewController.swift in Sources */ = {isa = PBXBuildFile; fileRef = 3752FFB32773FC08008D5730 /* FeedViewController.swift */; };
		3752FFB6277BF4CE008D5730 /* FeedImageCell.swift in Sources */ = {isa = PBXBuildFile; fileRef = 3752FFB5277BF4CE008D5730 /* FeedImageCell.swift */; };
		3752FFB8277D4BF2008D5730 /* UIView+Shimmering.swift in Sources */ = {isa = PBXBuildFile; fileRef = 3752FFB7277D4BF2008D5730 /* UIView+Shimmering.swift */; };
		37750940266A9B7F00C2B039 /* RemoteFeedLoader.swift in Sources */ = {isa = PBXBuildFile; fileRef = 3775093F266A9B7F00C2B039 /* RemoteFeedLoader.swift */; };
		3781521F268A969500050547 /* FeedAPIEndToEndTests.swift in Sources */ = {isa = PBXBuildFile; fileRef = 3781521E268A969500050547 /* FeedAPIEndToEndTests.swift */; };
		37815221268A969500050547 /* Feed.framework in Frameworks */ = {isa = PBXBuildFile; fileRef = 371DDBB72667EEF300A40576 /* Feed.framework */; };
		3781522A268A9C1F00050547 /* XCTestCase+MemoryLeakTracking.swift in Sources */ = {isa = PBXBuildFile; fileRef = 37BB71C42684F3C700FD4601 /* XCTestCase+MemoryLeakTracking.swift */; };
		37A5B18F26EFD39A00EB201C /* RemoteFeedItem.swift in Sources */ = {isa = PBXBuildFile; fileRef = 37A5B18E26EFD39A00EB201C /* RemoteFeedItem.swift */; };
		37A5B19126EFD4A200EB201C /* LocalFeedImage.swift in Sources */ = {isa = PBXBuildFile; fileRef = 37A5B19026EFD4A200EB201C /* LocalFeedImage.swift */; };
		37A5B19326F3BB7000EB201C /* LoadFeedFromCacheUseCaseTest.swift in Sources */ = {isa = PBXBuildFile; fileRef = 37A5B19226F3BB7000EB201C /* LoadFeedFromCacheUseCaseTest.swift */; };
		37A5B19626F3BDAA00EB201C /* FeedStoreSpy.swift in Sources */ = {isa = PBXBuildFile; fileRef = 37A5B19526F3BDAA00EB201C /* FeedStoreSpy.swift */; };
		37A5B19826F3EBFA00EB201C /* LocalFeedFactoryMethods.swift in Sources */ = {isa = PBXBuildFile; fileRef = 37A5B19726F3EBFA00EB201C /* LocalFeedFactoryMethods.swift */; };
		37A708DB26824BE200411CFF /* URLSessionHTTPClientTest.swift in Sources */ = {isa = PBXBuildFile; fileRef = 37A708DA26824BE200411CFF /* URLSessionHTTPClientTest.swift */; };
		37B5901C27866CC1009BDA0C /* FeedImageDataLoader.swift in Sources */ = {isa = PBXBuildFile; fileRef = 37B5901B27866CC1009BDA0C /* FeedImageDataLoader.swift */; };
		37B590202786704B009BDA0C /* FeedRefreshViewController.swift in Sources */ = {isa = PBXBuildFile; fileRef = 37B5901F2786704B009BDA0C /* FeedRefreshViewController.swift */; };
		37B5902227867552009BDA0C /* FeedImageCellController.swift in Sources */ = {isa = PBXBuildFile; fileRef = 37B5902127867552009BDA0C /* FeedImageCellController.swift */; };
		37B7CC1A2719EA7600999683 /* FeedStoreSpecs.swift in Sources */ = {isa = PBXBuildFile; fileRef = 37B7CC192719EA7600999683 /* FeedStoreSpecs.swift */; };
		37B7CC1C2719EB5C00999683 /* XCTestCase+FeedStoreSpecs.swift in Sources */ = {isa = PBXBuildFile; fileRef = 37B7CC1B2719EB5C00999683 /* XCTestCase+FeedStoreSpecs.swift */; };
		37B7CC1E271A16CB00999683 /* CoreDataFeedStoreUseCase.swift in Sources */ = {isa = PBXBuildFile; fileRef = 37B7CC1D271A16CB00999683 /* CoreDataFeedStoreUseCase.swift */; };
		37B7CC21271A1E6D00999683 /* FeedStore.xcdatamodeld in Sources */ = {isa = PBXBuildFile; fileRef = 37B7CC1F271A1E6D00999683 /* FeedStore.xcdatamodeld */; };
		37B7CC23271A228600999683 /* CoreDataFeedStore.swift in Sources */ = {isa = PBXBuildFile; fileRef = 37B7CC22271A228600999683 /* CoreDataFeedStore.swift */; };
		37B7CC28271B717B00999683 /* CoreDataHelpers.swift in Sources */ = {isa = PBXBuildFile; fileRef = 37B7CC27271B717B00999683 /* CoreDataHelpers.swift */; };
		37B7CC2A271B722000999683 /* ManagedCache.swift in Sources */ = {isa = PBXBuildFile; fileRef = 37B7CC29271B722000999683 /* ManagedCache.swift */; };
		37B7CC2C271B724C00999683 /* ManagedFeedImage.swift in Sources */ = {isa = PBXBuildFile; fileRef = 37B7CC2B271B724C00999683 /* ManagedFeedImage.swift */; };
		37BB71C52684F3C700FD4601 /* XCTestCase+MemoryLeakTracking.swift in Sources */ = {isa = PBXBuildFile; fileRef = 37BB71C42684F3C700FD4601 /* XCTestCase+MemoryLeakTracking.swift */; };
		37BB71CB26850E2F00FD4601 /* URLSessionHTTPClient.swift in Sources */ = {isa = PBXBuildFile; fileRef = 37BB71CA26850E2F00FD4601 /* URLSessionHTTPClient.swift */; };
		37D37F762673CA13009ED8DE /* HTTPClient.swift in Sources */ = {isa = PBXBuildFile; fileRef = 37D37F752673CA13009ED8DE /* HTTPClient.swift */; };
		37D37F7A2673CAB3009ED8DE /* FeedItemsMapper.swift in Sources */ = {isa = PBXBuildFile; fileRef = 37D37F792673CAB3009ED8DE /* FeedItemsMapper.swift */; };
		37DB9B8A272865900094DF9E /* FeedCacheIntegrationTests.swift in Sources */ = {isa = PBXBuildFile; fileRef = 37DB9B89272865900094DF9E /* FeedCacheIntegrationTests.swift */; };
		37DB9B8C272865900094DF9E /* Feed.framework in Frameworks */ = {isa = PBXBuildFile; fileRef = 371DDBB72667EEF300A40576 /* Feed.framework */; };
		37DB9B92272869680094DF9E /* XCTestCase+MemoryLeakTracking.swift in Sources */ = {isa = PBXBuildFile; fileRef = 37BB71C42684F3C700FD4601 /* XCTestCase+MemoryLeakTracking.swift */; };
		37DB9B9627286E100094DF9E /* SharedTestHelpers.swift in Sources */ = {isa = PBXBuildFile; fileRef = 371DE70E26FFE21100DC23CF /* SharedTestHelpers.swift */; };
		37DB9B9727286E140094DF9E /* LocalFeedFactoryMethods.swift in Sources */ = {isa = PBXBuildFile; fileRef = 37A5B19726F3EBFA00EB201C /* LocalFeedFactoryMethods.swift */; };
/* End PBXBuildFile section */

/* Begin PBXContainerItemProxy section */
		371DDBC22667EEF300A40576 /* PBXContainerItemProxy */ = {
			isa = PBXContainerItemProxy;
			containerPortal = 371DDBAE2667EEF300A40576 /* Project object */;
			proxyType = 1;
			remoteGlobalIDString = 371DDBB62667EEF300A40576;
			remoteInfo = Feed;
		};
		3752FF9D27618492008D5730 /* PBXContainerItemProxy */ = {
			isa = PBXContainerItemProxy;
			containerPortal = 371DDBAE2667EEF300A40576 /* Project object */;
			proxyType = 1;
			remoteGlobalIDString = 3752FF9127618492008D5730;
			remoteInfo = FeediOS;
		};
		3752FFAF2772A958008D5730 /* PBXContainerItemProxy */ = {
			isa = PBXContainerItemProxy;
			containerPortal = 371DDBAE2667EEF300A40576 /* Project object */;
			proxyType = 1;
			remoteGlobalIDString = 371DDBB62667EEF300A40576;
			remoteInfo = Feed;
		};
		37815222268A969500050547 /* PBXContainerItemProxy */ = {
			isa = PBXContainerItemProxy;
			containerPortal = 371DDBAE2667EEF300A40576 /* Project object */;
			proxyType = 1;
			remoteGlobalIDString = 371DDBB62667EEF300A40576;
			remoteInfo = Feed;
		};
		37DB9B8D272865900094DF9E /* PBXContainerItemProxy */ = {
			isa = PBXContainerItemProxy;
			containerPortal = 371DDBAE2667EEF300A40576 /* Project object */;
			proxyType = 1;
			remoteGlobalIDString = 371DDBB62667EEF300A40576;
			remoteInfo = Feed;
		};
/* End PBXContainerItemProxy section */

/* Begin PBXCopyFilesBuildPhase section */
		3752FFB12772A958008D5730 /* Embed Frameworks */ = {
			isa = PBXCopyFilesBuildPhase;
			buildActionMask = 2147483647;
			dstPath = "";
			dstSubfolderSpec = 10;
			files = (
				3752FFAE2772A958008D5730 /* Feed.framework in Embed Frameworks */,
			);
			name = "Embed Frameworks";
			runOnlyForDeploymentPostprocessing = 0;
		};
/* End PBXCopyFilesBuildPhase section */

/* Begin PBXFileReference section */
		371DDBB72667EEF300A40576 /* Feed.framework */ = {isa = PBXFileReference; explicitFileType = wrapper.framework; includeInIndex = 0; path = Feed.framework; sourceTree = BUILT_PRODUCTS_DIR; };
		371DDBBA2667EEF300A40576 /* Feed.h */ = {isa = PBXFileReference; lastKnownFileType = sourcecode.c.h; path = Feed.h; sourceTree = "<group>"; };
		371DDBBB2667EEF300A40576 /* Info.plist */ = {isa = PBXFileReference; lastKnownFileType = text.plist.xml; path = Info.plist; sourceTree = "<group>"; };
		371DDBC02667EEF300A40576 /* FeedTests.xctest */ = {isa = PBXFileReference; explicitFileType = wrapper.cfbundle; includeInIndex = 0; path = FeedTests.xctest; sourceTree = BUILT_PRODUCTS_DIR; };
		371DDBC52667EEF300A40576 /* FeedTests.swift */ = {isa = PBXFileReference; lastKnownFileType = sourcecode.swift; path = FeedTests.swift; sourceTree = "<group>"; };
		371DDBC72667EEF300A40576 /* Info.plist */ = {isa = PBXFileReference; lastKnownFileType = text.plist.xml; path = Info.plist; sourceTree = "<group>"; };
		371DDBD32667EF1100A40576 /* FeedImage.swift */ = {isa = PBXFileReference; lastKnownFileType = sourcecode.swift; path = FeedImage.swift; sourceTree = "<group>"; };
		371DDBD72667F03900A40576 /* FeedLoader.swift */ = {isa = PBXFileReference; lastKnownFileType = sourcecode.swift; path = FeedLoader.swift; sourceTree = "<group>"; };
		371DE70E26FFE21100DC23CF /* SharedTestHelpers.swift */ = {isa = PBXFileReference; lastKnownFileType = sourcecode.swift; path = SharedTestHelpers.swift; sourceTree = "<group>"; };
		371DE7182700E91400DC23CF /* FeedCachePolicy.swift */ = {isa = PBXFileReference; lastKnownFileType = sourcecode.swift; path = FeedCachePolicy.swift; sourceTree = "<group>"; };
		3729B8912669463F00514DFF /* LoadFeedFromRemoteUseCaseTest.swift */ = {isa = PBXFileReference; lastKnownFileType = sourcecode.swift; path = LoadFeedFromRemoteUseCaseTest.swift; sourceTree = "<group>"; };
		373F95D326E29FC60083C3FF /* CacheFeedUseCaseTest.swift */ = {isa = PBXFileReference; lastKnownFileType = sourcecode.swift; path = CacheFeedUseCaseTest.swift; sourceTree = "<group>"; };
		3740ED7526FE37B700A8113C /* ValidateFeedCacheUseCase.swift */ = {isa = PBXFileReference; lastKnownFileType = sourcecode.swift; path = ValidateFeedCacheUseCase.swift; sourceTree = "<group>"; };
		37488B9B26EBCF5B0080CA4A /* LocalFeedLoader.swift */ = {isa = PBXFileReference; lastKnownFileType = sourcecode.swift; path = LocalFeedLoader.swift; sourceTree = "<group>"; };
		37488B9D26EBD00A0080CA4A /* FeedStore.swift */ = {isa = PBXFileReference; lastKnownFileType = sourcecode.swift; path = FeedStore.swift; sourceTree = "<group>"; };
		3752FF9227618492008D5730 /* FeediOS.framework */ = {isa = PBXFileReference; explicitFileType = wrapper.framework; includeInIndex = 0; path = FeediOS.framework; sourceTree = BUILT_PRODUCTS_DIR; };
		3752FF9527618492008D5730 /* FeediOS.docc */ = {isa = PBXFileReference; lastKnownFileType = folder.documentationcatalog; path = FeediOS.docc; sourceTree = "<group>"; };
		3752FF9B27618492008D5730 /* FeediOSTests.xctest */ = {isa = PBXFileReference; explicitFileType = wrapper.cfbundle; includeInIndex = 0; path = FeediOSTests.xctest; sourceTree = BUILT_PRODUCTS_DIR; };
		3752FFA92772A5E1008D5730 /* FeediOSTests-Bridging-Header.h */ = {isa = PBXFileReference; lastKnownFileType = sourcecode.c.h; path = "FeediOSTests-Bridging-Header.h"; sourceTree = "<group>"; };
		3752FFAA2772A5E2008D5730 /* FeedViewControllerTest.swift */ = {isa = PBXFileReference; lastKnownFileType = sourcecode.swift; path = FeedViewControllerTest.swift; sourceTree = "<group>"; };
		3752FFB32773FC08008D5730 /* FeedViewController.swift */ = {isa = PBXFileReference; lastKnownFileType = sourcecode.swift; path = FeedViewController.swift; sourceTree = "<group>"; };
		3752FFB5277BF4CE008D5730 /* FeedImageCell.swift */ = {isa = PBXFileReference; lastKnownFileType = sourcecode.swift; path = FeedImageCell.swift; sourceTree = "<group>"; };
		3752FFB7277D4BF2008D5730 /* UIView+Shimmering.swift */ = {isa = PBXFileReference; lastKnownFileType = sourcecode.swift; path = "UIView+Shimmering.swift"; sourceTree = "<group>"; };
		3775093F266A9B7F00C2B039 /* RemoteFeedLoader.swift */ = {isa = PBXFileReference; lastKnownFileType = sourcecode.swift; path = RemoteFeedLoader.swift; sourceTree = "<group>"; };
		3781521C268A969500050547 /* FeedAPIEndToEndTests.xctest */ = {isa = PBXFileReference; explicitFileType = wrapper.cfbundle; includeInIndex = 0; path = FeedAPIEndToEndTests.xctest; sourceTree = BUILT_PRODUCTS_DIR; };
		3781521E268A969500050547 /* FeedAPIEndToEndTests.swift */ = {isa = PBXFileReference; lastKnownFileType = sourcecode.swift; path = FeedAPIEndToEndTests.swift; sourceTree = "<group>"; };
		37815220268A969500050547 /* Info.plist */ = {isa = PBXFileReference; lastKnownFileType = text.plist.xml; path = Info.plist; sourceTree = "<group>"; };
		37A5B18E26EFD39A00EB201C /* RemoteFeedItem.swift */ = {isa = PBXFileReference; lastKnownFileType = sourcecode.swift; path = RemoteFeedItem.swift; sourceTree = "<group>"; };
		37A5B19026EFD4A200EB201C /* LocalFeedImage.swift */ = {isa = PBXFileReference; lastKnownFileType = sourcecode.swift; path = LocalFeedImage.swift; sourceTree = "<group>"; };
		37A5B19226F3BB7000EB201C /* LoadFeedFromCacheUseCaseTest.swift */ = {isa = PBXFileReference; lastKnownFileType = sourcecode.swift; path = LoadFeedFromCacheUseCaseTest.swift; sourceTree = "<group>"; };
		37A5B19526F3BDAA00EB201C /* FeedStoreSpy.swift */ = {isa = PBXFileReference; lastKnownFileType = sourcecode.swift; path = FeedStoreSpy.swift; sourceTree = "<group>"; };
		37A5B19726F3EBFA00EB201C /* LocalFeedFactoryMethods.swift */ = {isa = PBXFileReference; lastKnownFileType = sourcecode.swift; path = LocalFeedFactoryMethods.swift; sourceTree = "<group>"; };
		37A708DA26824BE200411CFF /* URLSessionHTTPClientTest.swift */ = {isa = PBXFileReference; lastKnownFileType = sourcecode.swift; path = URLSessionHTTPClientTest.swift; sourceTree = "<group>"; };
		37B5901B27866CC1009BDA0C /* FeedImageDataLoader.swift */ = {isa = PBXFileReference; lastKnownFileType = sourcecode.swift; path = FeedImageDataLoader.swift; sourceTree = "<group>"; };
		37B5901F2786704B009BDA0C /* FeedRefreshViewController.swift */ = {isa = PBXFileReference; lastKnownFileType = sourcecode.swift; path = FeedRefreshViewController.swift; sourceTree = "<group>"; };
		37B5902127867552009BDA0C /* FeedImageCellController.swift */ = {isa = PBXFileReference; lastKnownFileType = sourcecode.swift; path = FeedImageCellController.swift; sourceTree = "<group>"; };
		37B7CC192719EA7600999683 /* FeedStoreSpecs.swift */ = {isa = PBXFileReference; lastKnownFileType = sourcecode.swift; path = FeedStoreSpecs.swift; sourceTree = "<group>"; };
		37B7CC1B2719EB5C00999683 /* XCTestCase+FeedStoreSpecs.swift */ = {isa = PBXFileReference; lastKnownFileType = sourcecode.swift; path = "XCTestCase+FeedStoreSpecs.swift"; sourceTree = "<group>"; };
		37B7CC1D271A16CB00999683 /* CoreDataFeedStoreUseCase.swift */ = {isa = PBXFileReference; lastKnownFileType = sourcecode.swift; path = CoreDataFeedStoreUseCase.swift; sourceTree = "<group>"; };
		37B7CC20271A1E6D00999683 /* FeedStore.xcdatamodel */ = {isa = PBXFileReference; lastKnownFileType = wrapper.xcdatamodel; path = FeedStore.xcdatamodel; sourceTree = "<group>"; };
		37B7CC22271A228600999683 /* CoreDataFeedStore.swift */ = {isa = PBXFileReference; lastKnownFileType = sourcecode.swift; path = CoreDataFeedStore.swift; sourceTree = "<group>"; };
		37B7CC27271B717B00999683 /* CoreDataHelpers.swift */ = {isa = PBXFileReference; lastKnownFileType = sourcecode.swift; path = CoreDataHelpers.swift; sourceTree = "<group>"; };
		37B7CC29271B722000999683 /* ManagedCache.swift */ = {isa = PBXFileReference; lastKnownFileType = sourcecode.swift; path = ManagedCache.swift; sourceTree = "<group>"; };
		37B7CC2B271B724C00999683 /* ManagedFeedImage.swift */ = {isa = PBXFileReference; lastKnownFileType = sourcecode.swift; path = ManagedFeedImage.swift; sourceTree = "<group>"; };
		37BB71C42684F3C700FD4601 /* XCTestCase+MemoryLeakTracking.swift */ = {isa = PBXFileReference; lastKnownFileType = sourcecode.swift; path = "XCTestCase+MemoryLeakTracking.swift"; sourceTree = "<group>"; };
		37BB71CA26850E2F00FD4601 /* URLSessionHTTPClient.swift */ = {isa = PBXFileReference; lastKnownFileType = sourcecode.swift; path = URLSessionHTTPClient.swift; sourceTree = "<group>"; };
		37D37F752673CA13009ED8DE /* HTTPClient.swift */ = {isa = PBXFileReference; lastKnownFileType = sourcecode.swift; path = HTTPClient.swift; sourceTree = "<group>"; };
		37D37F792673CAB3009ED8DE /* FeedItemsMapper.swift */ = {isa = PBXFileReference; lastKnownFileType = sourcecode.swift; path = FeedItemsMapper.swift; sourceTree = "<group>"; };
		37DB9B87272865900094DF9E /* FeedCacheIntegrationTests.xctest */ = {isa = PBXFileReference; explicitFileType = wrapper.cfbundle; includeInIndex = 0; path = FeedCacheIntegrationTests.xctest; sourceTree = BUILT_PRODUCTS_DIR; };
		37DB9B89272865900094DF9E /* FeedCacheIntegrationTests.swift */ = {isa = PBXFileReference; lastKnownFileType = sourcecode.swift; path = FeedCacheIntegrationTests.swift; sourceTree = "<group>"; };
		37DB9B8B272865900094DF9E /* Info.plist */ = {isa = PBXFileReference; lastKnownFileType = text.plist.xml; path = Info.plist; sourceTree = "<group>"; };
/* End PBXFileReference section */

/* Begin PBXFrameworksBuildPhase section */
		371DDBB42667EEF300A40576 /* Frameworks */ = {
			isa = PBXFrameworksBuildPhase;
			buildActionMask = 2147483647;
			files = (
			);
			runOnlyForDeploymentPostprocessing = 0;
		};
		371DDBBD2667EEF300A40576 /* Frameworks */ = {
			isa = PBXFrameworksBuildPhase;
			buildActionMask = 2147483647;
			files = (
				371DDBC12667EEF300A40576 /* Feed.framework in Frameworks */,
			);
			runOnlyForDeploymentPostprocessing = 0;
		};
		3752FF8F27618492008D5730 /* Frameworks */ = {
			isa = PBXFrameworksBuildPhase;
			buildActionMask = 2147483647;
			files = (
				3752FFAD2772A958008D5730 /* Feed.framework in Frameworks */,
			);
			runOnlyForDeploymentPostprocessing = 0;
		};
		3752FF9827618492008D5730 /* Frameworks */ = {
			isa = PBXFrameworksBuildPhase;
			buildActionMask = 2147483647;
			files = (
				3752FF9C27618492008D5730 /* FeediOS.framework in Frameworks */,
			);
			runOnlyForDeploymentPostprocessing = 0;
		};
		37815219268A969500050547 /* Frameworks */ = {
			isa = PBXFrameworksBuildPhase;
			buildActionMask = 2147483647;
			files = (
				37815221268A969500050547 /* Feed.framework in Frameworks */,
			);
			runOnlyForDeploymentPostprocessing = 0;
		};
		37DB9B84272865900094DF9E /* Frameworks */ = {
			isa = PBXFrameworksBuildPhase;
			buildActionMask = 2147483647;
			files = (
				37DB9B8C272865900094DF9E /* Feed.framework in Frameworks */,
			);
			runOnlyForDeploymentPostprocessing = 0;
		};
/* End PBXFrameworksBuildPhase section */

/* Begin PBXGroup section */
		371DDBAD2667EEF300A40576 = {
			isa = PBXGroup;
			children = (
				371DDBB92667EEF300A40576 /* Feed */,
				371DDBC42667EEF300A40576 /* FeedTests */,
				3781521D268A969500050547 /* FeedAPIEndToEndTests */,
				37DB9B88272865900094DF9E /* FeedCacheIntegrationTests */,
				3752FF9327618492008D5730 /* FeediOS */,
				3752FF9F27618492008D5730 /* FeediOSTests */,
				371DDBB82667EEF300A40576 /* Products */,
				3752FFAC2772A958008D5730 /* Frameworks */,
			);
			sourceTree = "<group>";
		};
		371DDBB82667EEF300A40576 /* Products */ = {
			isa = PBXGroup;
			children = (
				371DDBB72667EEF300A40576 /* Feed.framework */,
				371DDBC02667EEF300A40576 /* FeedTests.xctest */,
				3781521C268A969500050547 /* FeedAPIEndToEndTests.xctest */,
				37DB9B87272865900094DF9E /* FeedCacheIntegrationTests.xctest */,
				3752FF9227618492008D5730 /* FeediOS.framework */,
				3752FF9B27618492008D5730 /* FeediOSTests.xctest */,
			);
			name = Products;
			sourceTree = "<group>";
		};
		371DDBB92667EEF300A40576 /* Feed */ = {
			isa = PBXGroup;
			children = (
				37488B9A26EBCF400080CA4A /* Feed Cache */,
				3775093E266A9B6400C2B039 /* Feed API */,
				371DDBBA2667EEF300A40576 /* Feed.h */,
				371DDBBB2667EEF300A40576 /* Info.plist */,
				371DDBDB2667F18700A40576 /* FeedFeature */,
			);
			path = Feed;
			sourceTree = "<group>";
		};
		371DDBC42667EEF300A40576 /* FeedTests */ = {
			isa = PBXGroup;
			children = (
				373F95D226E29F9E0083C3FF /* Feed Cache */,
				37BB71C32684F3A600FD4601 /* Helpers */,
				371DDBC52667EEF300A40576 /* FeedTests.swift */,
				371DDBC72667EEF300A40576 /* Info.plist */,
				37D37F7D26740A70009ED8DE /* Feed API */,
			);
			path = FeedTests;
			sourceTree = "<group>";
		};
		371DDBDB2667F18700A40576 /* FeedFeature */ = {
			isa = PBXGroup;
			children = (
				371DDBD32667EF1100A40576 /* FeedImage.swift */,
				371DDBD72667F03900A40576 /* FeedLoader.swift */,
			);
			path = FeedFeature;
			sourceTree = "<group>";
		};
		373F95D226E29F9E0083C3FF /* Feed Cache */ = {
			isa = PBXGroup;
			children = (
				37A5B19426F3BD9B00EB201C /* Helpers */,
				373F95D326E29FC60083C3FF /* CacheFeedUseCaseTest.swift */,
				37A5B19226F3BB7000EB201C /* LoadFeedFromCacheUseCaseTest.swift */,
				3740ED7526FE37B700A8113C /* ValidateFeedCacheUseCase.swift */,
				37B7CC192719EA7600999683 /* FeedStoreSpecs.swift */,
				37B7CC1B2719EB5C00999683 /* XCTestCase+FeedStoreSpecs.swift */,
				37B7CC1D271A16CB00999683 /* CoreDataFeedStoreUseCase.swift */,
			);
			path = "Feed Cache";
			sourceTree = "<group>";
		};
		37488B9A26EBCF400080CA4A /* Feed Cache */ = {
			isa = PBXGroup;
			children = (
				37B7CC24271B708600999683 /* Infrastructure */,
				37488B9B26EBCF5B0080CA4A /* LocalFeedLoader.swift */,
				37488B9D26EBD00A0080CA4A /* FeedStore.swift */,
				37A5B19026EFD4A200EB201C /* LocalFeedImage.swift */,
				371DE7182700E91400DC23CF /* FeedCachePolicy.swift */,
			);
			path = "Feed Cache";
			sourceTree = "<group>";
		};
		3752FF9327618492008D5730 /* FeediOS */ = {
			isa = PBXGroup;
			children = (
				37B5901E27866D33009BDA0C /* Views */,
				37B5901D27866D28009BDA0C /* Controllers */,
				37B5901A27866CAE009BDA0C /* Feed Image Loader */,
				3752FF9527618492008D5730 /* FeediOS.docc */,
			);
			path = FeediOS;
			sourceTree = "<group>";
		};
		3752FF9F27618492008D5730 /* FeediOSTests */ = {
			isa = PBXGroup;
			children = (
				3752FFAA2772A5E2008D5730 /* FeedViewControllerTest.swift */,
				3752FFA92772A5E1008D5730 /* FeediOSTests-Bridging-Header.h */,
			);
			path = FeediOSTests;
			sourceTree = "<group>";
		};
		3752FFAC2772A958008D5730 /* Frameworks */ = {
			isa = PBXGroup;
			children = (
			);
			name = Frameworks;
			sourceTree = "<group>";
		};
		3775093E266A9B6400C2B039 /* Feed API */ = {
			isa = PBXGroup;
			children = (
				3775093F266A9B7F00C2B039 /* RemoteFeedLoader.swift */,
				37D37F752673CA13009ED8DE /* HTTPClient.swift */,
				37D37F792673CAB3009ED8DE /* FeedItemsMapper.swift */,
				37BB71CA26850E2F00FD4601 /* URLSessionHTTPClient.swift */,
				37A5B18E26EFD39A00EB201C /* RemoteFeedItem.swift */,
			);
			path = "Feed API";
			sourceTree = "<group>";
		};
		3781521D268A969500050547 /* FeedAPIEndToEndTests */ = {
			isa = PBXGroup;
			children = (
				3781521E268A969500050547 /* FeedAPIEndToEndTests.swift */,
				37815220268A969500050547 /* Info.plist */,
			);
			path = FeedAPIEndToEndTests;
			sourceTree = "<group>";
		};
		37A5B19426F3BD9B00EB201C /* Helpers */ = {
			isa = PBXGroup;
			children = (
				37A5B19726F3EBFA00EB201C /* LocalFeedFactoryMethods.swift */,
				37A5B19526F3BDAA00EB201C /* FeedStoreSpy.swift */,
			);
			path = Helpers;
			sourceTree = "<group>";
		};
		37B5901A27866CAE009BDA0C /* Feed Image Loader */ = {
			isa = PBXGroup;
			children = (
				37B5901B27866CC1009BDA0C /* FeedImageDataLoader.swift */,
			);
			path = "Feed Image Loader";
			sourceTree = "<group>";
		};
		37B5901D27866D28009BDA0C /* Controllers */ = {
			isa = PBXGroup;
			children = (
				3752FFB32773FC08008D5730 /* FeedViewController.swift */,
				37B5901F2786704B009BDA0C /* FeedRefreshViewController.swift */,
				37B5902127867552009BDA0C /* FeedImageCellController.swift */,
			);
			path = Controllers;
			sourceTree = "<group>";
		};
		37B5901E27866D33009BDA0C /* Views */ = {
			isa = PBXGroup;
			children = (
				3752FFB7277D4BF2008D5730 /* UIView+Shimmering.swift */,
				3752FFB5277BF4CE008D5730 /* FeedImageCell.swift */,
			);
			path = Views;
			sourceTree = "<group>";
		};
		37B7CC24271B708600999683 /* Infrastructure */ = {
			isa = PBXGroup;
			children = (
				37B7CC25271B709A00999683 /* CoreData */,
			);
			path = Infrastructure;
			sourceTree = "<group>";
		};
		37B7CC25271B709A00999683 /* CoreData */ = {
			isa = PBXGroup;
			children = (
				37B7CC1F271A1E6D00999683 /* FeedStore.xcdatamodeld */,
				37B7CC22271A228600999683 /* CoreDataFeedStore.swift */,
				37B7CC27271B717B00999683 /* CoreDataHelpers.swift */,
				37B7CC29271B722000999683 /* ManagedCache.swift */,
				37B7CC2B271B724C00999683 /* ManagedFeedImage.swift */,
			);
			path = CoreData;
			sourceTree = "<group>";
		};
		37BB71C32684F3A600FD4601 /* Helpers */ = {
			isa = PBXGroup;
			children = (
				37BB71C42684F3C700FD4601 /* XCTestCase+MemoryLeakTracking.swift */,
				371DE70E26FFE21100DC23CF /* SharedTestHelpers.swift */,
			);
			path = Helpers;
			sourceTree = "<group>";
		};
		37D37F7D26740A70009ED8DE /* Feed API */ = {
			isa = PBXGroup;
			children = (
				3729B8912669463F00514DFF /* LoadFeedFromRemoteUseCaseTest.swift */,
				37A708DA26824BE200411CFF /* URLSessionHTTPClientTest.swift */,
			);
			path = "Feed API";
			sourceTree = "<group>";
		};
		37DB9B88272865900094DF9E /* FeedCacheIntegrationTests */ = {
			isa = PBXGroup;
			children = (
				37DB9B89272865900094DF9E /* FeedCacheIntegrationTests.swift */,
				37DB9B8B272865900094DF9E /* Info.plist */,
			);
			path = FeedCacheIntegrationTests;
			sourceTree = "<group>";
		};
/* End PBXGroup section */

/* Begin PBXHeadersBuildPhase section */
		371DDBB22667EEF300A40576 /* Headers */ = {
			isa = PBXHeadersBuildPhase;
			buildActionMask = 2147483647;
			files = (
				371DDBC82667EEF300A40576 /* Feed.h in Headers */,
			);
			runOnlyForDeploymentPostprocessing = 0;
		};
		3752FF8D27618492008D5730 /* Headers */ = {
			isa = PBXHeadersBuildPhase;
			buildActionMask = 2147483647;
			files = (
			);
			runOnlyForDeploymentPostprocessing = 0;
		};
/* End PBXHeadersBuildPhase section */

/* Begin PBXNativeTarget section */
		371DDBB62667EEF300A40576 /* Feed */ = {
			isa = PBXNativeTarget;
			buildConfigurationList = 371DDBCB2667EEF300A40576 /* Build configuration list for PBXNativeTarget "Feed" */;
			buildPhases = (
				371DDBB22667EEF300A40576 /* Headers */,
				371DDBB32667EEF300A40576 /* Sources */,
				371DDBB42667EEF300A40576 /* Frameworks */,
				371DDBB52667EEF300A40576 /* Resources */,
			);
			buildRules = (
			);
			dependencies = (
			);
			name = Feed;
			productName = Feed;
			productReference = 371DDBB72667EEF300A40576 /* Feed.framework */;
			productType = "com.apple.product-type.framework";
		};
		371DDBBF2667EEF300A40576 /* FeedTests */ = {
			isa = PBXNativeTarget;
			buildConfigurationList = 371DDBCE2667EEF300A40576 /* Build configuration list for PBXNativeTarget "FeedTests" */;
			buildPhases = (
				371DDBBC2667EEF300A40576 /* Sources */,
				371DDBBD2667EEF300A40576 /* Frameworks */,
				371DDBBE2667EEF300A40576 /* Resources */,
			);
			buildRules = (
			);
			dependencies = (
				371DDBC32667EEF300A40576 /* PBXTargetDependency */,
			);
			name = FeedTests;
			productName = FeedTests;
			productReference = 371DDBC02667EEF300A40576 /* FeedTests.xctest */;
			productType = "com.apple.product-type.bundle.unit-test";
		};
		3752FF9127618492008D5730 /* FeediOS */ = {
			isa = PBXNativeTarget;
			buildConfigurationList = 3752FFA327618492008D5730 /* Build configuration list for PBXNativeTarget "FeediOS" */;
			buildPhases = (
				3752FF8D27618492008D5730 /* Headers */,
				3752FF8E27618492008D5730 /* Sources */,
				3752FF8F27618492008D5730 /* Frameworks */,
				3752FF9027618492008D5730 /* Resources */,
				3752FFB12772A958008D5730 /* Embed Frameworks */,
			);
			buildRules = (
			);
			dependencies = (
				3752FFB02772A958008D5730 /* PBXTargetDependency */,
			);
			name = FeediOS;
			productName = FeediOS;
			productReference = 3752FF9227618492008D5730 /* FeediOS.framework */;
			productType = "com.apple.product-type.framework";
		};
		3752FF9A27618492008D5730 /* FeediOSTests */ = {
			isa = PBXNativeTarget;
			buildConfigurationList = 3752FFA627618492008D5730 /* Build configuration list for PBXNativeTarget "FeediOSTests" */;
			buildPhases = (
				3752FF9727618492008D5730 /* Sources */,
				3752FF9827618492008D5730 /* Frameworks */,
				3752FF9927618492008D5730 /* Resources */,
			);
			buildRules = (
			);
			dependencies = (
				3752FF9E27618492008D5730 /* PBXTargetDependency */,
			);
			name = FeediOSTests;
			productName = FeediOSTests;
			productReference = 3752FF9B27618492008D5730 /* FeediOSTests.xctest */;
			productType = "com.apple.product-type.bundle.unit-test";
		};
		3781521B268A969500050547 /* FeedAPIEndToEndTests */ = {
			isa = PBXNativeTarget;
			buildConfigurationList = 37815226268A969500050547 /* Build configuration list for PBXNativeTarget "FeedAPIEndToEndTests" */;
			buildPhases = (
				37815218268A969500050547 /* Sources */,
				37815219268A969500050547 /* Frameworks */,
				3781521A268A969500050547 /* Resources */,
			);
			buildRules = (
			);
			dependencies = (
				37815223268A969500050547 /* PBXTargetDependency */,
			);
			name = FeedAPIEndToEndTests;
			productName = FeedAPIEndToEndTests;
			productReference = 3781521C268A969500050547 /* FeedAPIEndToEndTests.xctest */;
			productType = "com.apple.product-type.bundle.unit-test";
		};
		37DB9B86272865900094DF9E /* FeedCacheIntegrationTests */ = {
			isa = PBXNativeTarget;
			buildConfigurationList = 37DB9B91272865900094DF9E /* Build configuration list for PBXNativeTarget "FeedCacheIntegrationTests" */;
			buildPhases = (
				37DB9B83272865900094DF9E /* Sources */,
				37DB9B84272865900094DF9E /* Frameworks */,
				37DB9B85272865900094DF9E /* Resources */,
			);
			buildRules = (
			);
			dependencies = (
				37DB9B8E272865900094DF9E /* PBXTargetDependency */,
			);
			name = FeedCacheIntegrationTests;
			productName = FeedCacheIntegrationTests;
			productReference = 37DB9B87272865900094DF9E /* FeedCacheIntegrationTests.xctest */;
			productType = "com.apple.product-type.bundle.unit-test";
		};
/* End PBXNativeTarget section */

/* Begin PBXProject section */
		371DDBAE2667EEF300A40576 /* Project object */ = {
			isa = PBXProject;
			attributes = {
				LastSwiftUpdateCheck = 1310;
				LastUpgradeCheck = 1220;
				TargetAttributes = {
					371DDBB62667EEF300A40576 = {
						CreatedOnToolsVersion = 12.2;
						LastSwiftMigration = 1220;
					};
					371DDBBF2667EEF300A40576 = {
						CreatedOnToolsVersion = 12.2;
					};
					3752FF9127618492008D5730 = {
						CreatedOnToolsVersion = 13.1;
					};
					3752FF9A27618492008D5730 = {
						CreatedOnToolsVersion = 13.1;
						LastSwiftMigration = 1310;
					};
					3781521B268A969500050547 = {
						CreatedOnToolsVersion = 12.2;
					};
					37DB9B86272865900094DF9E = {
						CreatedOnToolsVersion = 12.5.1;
					};
				};
			};
			buildConfigurationList = 371DDBB12667EEF300A40576 /* Build configuration list for PBXProject "Feed" */;
			compatibilityVersion = "Xcode 9.3";
			developmentRegion = en;
			hasScannedForEncodings = 0;
			knownRegions = (
				en,
				Base,
			);
			mainGroup = 371DDBAD2667EEF300A40576;
			productRefGroup = 371DDBB82667EEF300A40576 /* Products */;
			projectDirPath = "";
			projectRoot = "";
			targets = (
				371DDBB62667EEF300A40576 /* Feed */,
				371DDBBF2667EEF300A40576 /* FeedTests */,
				3781521B268A969500050547 /* FeedAPIEndToEndTests */,
				37DB9B86272865900094DF9E /* FeedCacheIntegrationTests */,
				3752FF9127618492008D5730 /* FeediOS */,
				3752FF9A27618492008D5730 /* FeediOSTests */,
			);
		};
/* End PBXProject section */

/* Begin PBXResourcesBuildPhase section */
		371DDBB52667EEF300A40576 /* Resources */ = {
			isa = PBXResourcesBuildPhase;
			buildActionMask = 2147483647;
			files = (
			);
			runOnlyForDeploymentPostprocessing = 0;
		};
		371DDBBE2667EEF300A40576 /* Resources */ = {
			isa = PBXResourcesBuildPhase;
			buildActionMask = 2147483647;
			files = (
			);
			runOnlyForDeploymentPostprocessing = 0;
		};
		3752FF9027618492008D5730 /* Resources */ = {
			isa = PBXResourcesBuildPhase;
			buildActionMask = 2147483647;
			files = (
			);
			runOnlyForDeploymentPostprocessing = 0;
		};
		3752FF9927618492008D5730 /* Resources */ = {
			isa = PBXResourcesBuildPhase;
			buildActionMask = 2147483647;
			files = (
			);
			runOnlyForDeploymentPostprocessing = 0;
		};
		3781521A268A969500050547 /* Resources */ = {
			isa = PBXResourcesBuildPhase;
			buildActionMask = 2147483647;
			files = (
			);
			runOnlyForDeploymentPostprocessing = 0;
		};
		37DB9B85272865900094DF9E /* Resources */ = {
			isa = PBXResourcesBuildPhase;
			buildActionMask = 2147483647;
			files = (
			);
			runOnlyForDeploymentPostprocessing = 0;
		};
/* End PBXResourcesBuildPhase section */

/* Begin PBXSourcesBuildPhase section */
		371DDBB32667EEF300A40576 /* Sources */ = {
			isa = PBXSourcesBuildPhase;
			buildActionMask = 2147483647;
			files = (
				37B7CC28271B717B00999683 /* CoreDataHelpers.swift in Sources */,
				37B7CC21271A1E6D00999683 /* FeedStore.xcdatamodeld in Sources */,
				37D37F7A2673CAB3009ED8DE /* FeedItemsMapper.swift in Sources */,
				371DDBD82667F03900A40576 /* FeedLoader.swift in Sources */,
				37A5B18F26EFD39A00EB201C /* RemoteFeedItem.swift in Sources */,
				371DE7192700E91400DC23CF /* FeedCachePolicy.swift in Sources */,
				37750940266A9B7F00C2B039 /* RemoteFeedLoader.swift in Sources */,
				37B7CC23271A228600999683 /* CoreDataFeedStore.swift in Sources */,
				37A5B19126EFD4A200EB201C /* LocalFeedImage.swift in Sources */,
				37488B9E26EBD00A0080CA4A /* FeedStore.swift in Sources */,
				37488B9C26EBCF5B0080CA4A /* LocalFeedLoader.swift in Sources */,
				37D37F762673CA13009ED8DE /* HTTPClient.swift in Sources */,
				371DDBD42667EF1100A40576 /* FeedImage.swift in Sources */,
				37B7CC2A271B722000999683 /* ManagedCache.swift in Sources */,
				37BB71CB26850E2F00FD4601 /* URLSessionHTTPClient.swift in Sources */,
				37B7CC2C271B724C00999683 /* ManagedFeedImage.swift in Sources */,
			);
			runOnlyForDeploymentPostprocessing = 0;
		};
		371DDBBC2667EEF300A40576 /* Sources */ = {
			isa = PBXSourcesBuildPhase;
			buildActionMask = 2147483647;
			files = (
				37B7CC1C2719EB5C00999683 /* XCTestCase+FeedStoreSpecs.swift in Sources */,
				37A5B19326F3BB7000EB201C /* LoadFeedFromCacheUseCaseTest.swift in Sources */,
				3729B8922669463F00514DFF /* LoadFeedFromRemoteUseCaseTest.swift in Sources */,
				371DE70F26FFE21100DC23CF /* SharedTestHelpers.swift in Sources */,
				37BB71C52684F3C700FD4601 /* XCTestCase+MemoryLeakTracking.swift in Sources */,
				3740ED7626FE37B700A8113C /* ValidateFeedCacheUseCase.swift in Sources */,
				37B7CC1E271A16CB00999683 /* CoreDataFeedStoreUseCase.swift in Sources */,
				37A5B19826F3EBFA00EB201C /* LocalFeedFactoryMethods.swift in Sources */,
				373F95D426E29FC60083C3FF /* CacheFeedUseCaseTest.swift in Sources */,
				37A5B19626F3BDAA00EB201C /* FeedStoreSpy.swift in Sources */,
				371DDBC62667EEF300A40576 /* FeedTests.swift in Sources */,
				37B7CC1A2719EA7600999683 /* FeedStoreSpecs.swift in Sources */,
				37A708DB26824BE200411CFF /* URLSessionHTTPClientTest.swift in Sources */,
			);
			runOnlyForDeploymentPostprocessing = 0;
		};
		3752FF8E27618492008D5730 /* Sources */ = {
			isa = PBXSourcesBuildPhase;
			buildActionMask = 2147483647;
			files = (
				37B5901C27866CC1009BDA0C /* FeedImageDataLoader.swift in Sources */,
				3752FFB42773FC08008D5730 /* FeedViewController.swift in Sources */,
				37B590202786704B009BDA0C /* FeedRefreshViewController.swift in Sources */,
				37B5902227867552009BDA0C /* FeedImageCellController.swift in Sources */,
				3752FFB8277D4BF2008D5730 /* UIView+Shimmering.swift in Sources */,
				3752FFB6277BF4CE008D5730 /* FeedImageCell.swift in Sources */,
				3752FF9627618492008D5730 /* FeediOS.docc in Sources */,
			);
			runOnlyForDeploymentPostprocessing = 0;
		};
		3752FF9727618492008D5730 /* Sources */ = {
			isa = PBXSourcesBuildPhase;
			buildActionMask = 2147483647;
			files = (
				3752FFAB2772A5E2008D5730 /* FeedViewControllerTest.swift in Sources */,
				3752FFB22772AB00008D5730 /* XCTestCase+MemoryLeakTracking.swift in Sources */,
			);
			runOnlyForDeploymentPostprocessing = 0;
		};
		37815218268A969500050547 /* Sources */ = {
			isa = PBXSourcesBuildPhase;
			buildActionMask = 2147483647;
			files = (
				3781521F268A969500050547 /* FeedAPIEndToEndTests.swift in Sources */,
				3781522A268A9C1F00050547 /* XCTestCase+MemoryLeakTracking.swift in Sources */,
			);
			runOnlyForDeploymentPostprocessing = 0;
		};
		37DB9B83272865900094DF9E /* Sources */ = {
			isa = PBXSourcesBuildPhase;
			buildActionMask = 2147483647;
			files = (
				37DB9B8A272865900094DF9E /* FeedCacheIntegrationTests.swift in Sources */,
				37DB9B92272869680094DF9E /* XCTestCase+MemoryLeakTracking.swift in Sources */,
				37DB9B9627286E100094DF9E /* SharedTestHelpers.swift in Sources */,
				37DB9B9727286E140094DF9E /* LocalFeedFactoryMethods.swift in Sources */,
			);
			runOnlyForDeploymentPostprocessing = 0;
		};
/* End PBXSourcesBuildPhase section */

/* Begin PBXTargetDependency section */
		371DDBC32667EEF300A40576 /* PBXTargetDependency */ = {
			isa = PBXTargetDependency;
			target = 371DDBB62667EEF300A40576 /* Feed */;
			targetProxy = 371DDBC22667EEF300A40576 /* PBXContainerItemProxy */;
		};
		3752FF9E27618492008D5730 /* PBXTargetDependency */ = {
			isa = PBXTargetDependency;
			target = 3752FF9127618492008D5730 /* FeediOS */;
			targetProxy = 3752FF9D27618492008D5730 /* PBXContainerItemProxy */;
		};
		3752FFB02772A958008D5730 /* PBXTargetDependency */ = {
			isa = PBXTargetDependency;
			platformFilter = ios;
			target = 371DDBB62667EEF300A40576 /* Feed */;
			targetProxy = 3752FFAF2772A958008D5730 /* PBXContainerItemProxy */;
		};
		37815223268A969500050547 /* PBXTargetDependency */ = {
			isa = PBXTargetDependency;
			target = 371DDBB62667EEF300A40576 /* Feed */;
			targetProxy = 37815222268A969500050547 /* PBXContainerItemProxy */;
		};
		37DB9B8E272865900094DF9E /* PBXTargetDependency */ = {
			isa = PBXTargetDependency;
			target = 371DDBB62667EEF300A40576 /* Feed */;
			targetProxy = 37DB9B8D272865900094DF9E /* PBXContainerItemProxy */;
		};
/* End PBXTargetDependency section */

/* Begin XCBuildConfiguration section */
		371DDBC92667EEF300A40576 /* Debug */ = {
			isa = XCBuildConfiguration;
			buildSettings = {
				ALWAYS_SEARCH_USER_PATHS = NO;
				CLANG_ANALYZER_NONNULL = YES;
				CLANG_ANALYZER_NUMBER_OBJECT_CONVERSION = YES_AGGRESSIVE;
				CLANG_CXX_LANGUAGE_STANDARD = "gnu++14";
				CLANG_CXX_LIBRARY = "libc++";
				CLANG_ENABLE_MODULES = YES;
				CLANG_ENABLE_OBJC_ARC = YES;
				CLANG_ENABLE_OBJC_WEAK = YES;
				CLANG_WARN_BLOCK_CAPTURE_AUTORELEASING = YES;
				CLANG_WARN_BOOL_CONVERSION = YES;
				CLANG_WARN_COMMA = YES;
				CLANG_WARN_CONSTANT_CONVERSION = YES;
				CLANG_WARN_DEPRECATED_OBJC_IMPLEMENTATIONS = YES;
				CLANG_WARN_DIRECT_OBJC_ISA_USAGE = YES_ERROR;
				CLANG_WARN_DOCUMENTATION_COMMENTS = YES;
				CLANG_WARN_EMPTY_BODY = YES;
				CLANG_WARN_ENUM_CONVERSION = YES;
				CLANG_WARN_INFINITE_RECURSION = YES;
				CLANG_WARN_INT_CONVERSION = YES;
				CLANG_WARN_NON_LITERAL_NULL_CONVERSION = YES;
				CLANG_WARN_OBJC_IMPLICIT_RETAIN_SELF = YES;
				CLANG_WARN_OBJC_LITERAL_CONVERSION = YES;
				CLANG_WARN_OBJC_ROOT_CLASS = YES_ERROR;
				CLANG_WARN_QUOTED_INCLUDE_IN_FRAMEWORK_HEADER = YES;
				CLANG_WARN_RANGE_LOOP_ANALYSIS = YES;
				CLANG_WARN_STRICT_PROTOTYPES = YES;
				CLANG_WARN_SUSPICIOUS_MOVE = YES;
				CLANG_WARN_UNGUARDED_AVAILABILITY = YES_AGGRESSIVE;
				CLANG_WARN_UNREACHABLE_CODE = YES;
				CLANG_WARN__DUPLICATE_METHOD_MATCH = YES;
				COPY_PHASE_STRIP = NO;
				CURRENT_PROJECT_VERSION = 1;
				DEBUG_INFORMATION_FORMAT = dwarf;
				ENABLE_STRICT_OBJC_MSGSEND = YES;
				ENABLE_TESTABILITY = YES;
				GCC_C_LANGUAGE_STANDARD = gnu11;
				GCC_DYNAMIC_NO_PIC = NO;
				GCC_NO_COMMON_BLOCKS = YES;
				GCC_OPTIMIZATION_LEVEL = 0;
				GCC_PREPROCESSOR_DEFINITIONS = (
					"DEBUG=1",
					"$(inherited)",
				);
				GCC_WARN_64_TO_32_BIT_CONVERSION = YES;
				GCC_WARN_ABOUT_RETURN_TYPE = YES_ERROR;
				GCC_WARN_UNDECLARED_SELECTOR = YES;
				GCC_WARN_UNINITIALIZED_AUTOS = YES_AGGRESSIVE;
				GCC_WARN_UNUSED_FUNCTION = YES;
				GCC_WARN_UNUSED_VARIABLE = YES;
				MACOSX_DEPLOYMENT_TARGET = 10.15;
				MTL_ENABLE_DEBUG_INFO = INCLUDE_SOURCE;
				MTL_FAST_MATH = YES;
				ONLY_ACTIVE_ARCH = YES;
				SDKROOT = macosx;
				SWIFT_ACTIVE_COMPILATION_CONDITIONS = DEBUG;
				SWIFT_OPTIMIZATION_LEVEL = "-Onone";
				VERSIONING_SYSTEM = "apple-generic";
				VERSION_INFO_PREFIX = "";
			};
			name = Debug;
		};
		371DDBCA2667EEF300A40576 /* Release */ = {
			isa = XCBuildConfiguration;
			buildSettings = {
				ALWAYS_SEARCH_USER_PATHS = NO;
				CLANG_ANALYZER_NONNULL = YES;
				CLANG_ANALYZER_NUMBER_OBJECT_CONVERSION = YES_AGGRESSIVE;
				CLANG_CXX_LANGUAGE_STANDARD = "gnu++14";
				CLANG_CXX_LIBRARY = "libc++";
				CLANG_ENABLE_MODULES = YES;
				CLANG_ENABLE_OBJC_ARC = YES;
				CLANG_ENABLE_OBJC_WEAK = YES;
				CLANG_WARN_BLOCK_CAPTURE_AUTORELEASING = YES;
				CLANG_WARN_BOOL_CONVERSION = YES;
				CLANG_WARN_COMMA = YES;
				CLANG_WARN_CONSTANT_CONVERSION = YES;
				CLANG_WARN_DEPRECATED_OBJC_IMPLEMENTATIONS = YES;
				CLANG_WARN_DIRECT_OBJC_ISA_USAGE = YES_ERROR;
				CLANG_WARN_DOCUMENTATION_COMMENTS = YES;
				CLANG_WARN_EMPTY_BODY = YES;
				CLANG_WARN_ENUM_CONVERSION = YES;
				CLANG_WARN_INFINITE_RECURSION = YES;
				CLANG_WARN_INT_CONVERSION = YES;
				CLANG_WARN_NON_LITERAL_NULL_CONVERSION = YES;
				CLANG_WARN_OBJC_IMPLICIT_RETAIN_SELF = YES;
				CLANG_WARN_OBJC_LITERAL_CONVERSION = YES;
				CLANG_WARN_OBJC_ROOT_CLASS = YES_ERROR;
				CLANG_WARN_QUOTED_INCLUDE_IN_FRAMEWORK_HEADER = YES;
				CLANG_WARN_RANGE_LOOP_ANALYSIS = YES;
				CLANG_WARN_STRICT_PROTOTYPES = YES;
				CLANG_WARN_SUSPICIOUS_MOVE = YES;
				CLANG_WARN_UNGUARDED_AVAILABILITY = YES_AGGRESSIVE;
				CLANG_WARN_UNREACHABLE_CODE = YES;
				CLANG_WARN__DUPLICATE_METHOD_MATCH = YES;
				COPY_PHASE_STRIP = NO;
				CURRENT_PROJECT_VERSION = 1;
				DEBUG_INFORMATION_FORMAT = "dwarf-with-dsym";
				ENABLE_NS_ASSERTIONS = NO;
				ENABLE_STRICT_OBJC_MSGSEND = YES;
				GCC_C_LANGUAGE_STANDARD = gnu11;
				GCC_NO_COMMON_BLOCKS = YES;
				GCC_WARN_64_TO_32_BIT_CONVERSION = YES;
				GCC_WARN_ABOUT_RETURN_TYPE = YES_ERROR;
				GCC_WARN_UNDECLARED_SELECTOR = YES;
				GCC_WARN_UNINITIALIZED_AUTOS = YES_AGGRESSIVE;
				GCC_WARN_UNUSED_FUNCTION = YES;
				GCC_WARN_UNUSED_VARIABLE = YES;
				MACOSX_DEPLOYMENT_TARGET = 10.15;
				MTL_ENABLE_DEBUG_INFO = NO;
				MTL_FAST_MATH = YES;
				SDKROOT = macosx;
				SWIFT_COMPILATION_MODE = wholemodule;
				SWIFT_OPTIMIZATION_LEVEL = "-O";
				VERSIONING_SYSTEM = "apple-generic";
				VERSION_INFO_PREFIX = "";
			};
			name = Release;
		};
		371DDBCC2667EEF300A40576 /* Debug */ = {
			isa = XCBuildConfiguration;
			buildSettings = {
				CLANG_ENABLE_MODULES = YES;
				CODE_SIGN_STYLE = Automatic;
				COMBINE_HIDPI_IMAGES = YES;
				DEFINES_MODULE = YES;
				DEVELOPMENT_TEAM = YY9TFMDBD6;
				DYLIB_COMPATIBILITY_VERSION = 1;
				DYLIB_CURRENT_VERSION = 1;
				DYLIB_INSTALL_NAME_BASE = "@rpath";
				INFOPLIST_FILE = Feed/Info.plist;
				INSTALL_PATH = "$(LOCAL_LIBRARY_DIR)/Frameworks";
				LD_RUNPATH_SEARCH_PATHS = (
					"$(inherited)",
					"@executable_path/../Frameworks",
					"@loader_path/Frameworks",
				);
				PRODUCT_BUNDLE_IDENTIFIER = mx.ikhalil.Feed;
				PRODUCT_NAME = "$(TARGET_NAME:c99extidentifier)";
				SKIP_INSTALL = YES;
				SUPPORTED_PLATFORMS = "macosx iphoneos iphonesimulator";
				SWIFT_OPTIMIZATION_LEVEL = "-Onone";
				SWIFT_VERSION = 5.0;
			};
			name = Debug;
		};
		371DDBCD2667EEF300A40576 /* Release */ = {
			isa = XCBuildConfiguration;
			buildSettings = {
				CLANG_ENABLE_MODULES = YES;
				CODE_SIGN_STYLE = Automatic;
				COMBINE_HIDPI_IMAGES = YES;
				DEFINES_MODULE = YES;
				DEVELOPMENT_TEAM = YY9TFMDBD6;
				DYLIB_COMPATIBILITY_VERSION = 1;
				DYLIB_CURRENT_VERSION = 1;
				DYLIB_INSTALL_NAME_BASE = "@rpath";
				INFOPLIST_FILE = Feed/Info.plist;
				INSTALL_PATH = "$(LOCAL_LIBRARY_DIR)/Frameworks";
				LD_RUNPATH_SEARCH_PATHS = (
					"$(inherited)",
					"@executable_path/../Frameworks",
					"@loader_path/Frameworks",
				);
				PRODUCT_BUNDLE_IDENTIFIER = mx.ikhalil.Feed;
				PRODUCT_NAME = "$(TARGET_NAME:c99extidentifier)";
				SKIP_INSTALL = YES;
				SUPPORTED_PLATFORMS = "macosx iphoneos iphonesimulator";
				SWIFT_VERSION = 5.0;
			};
			name = Release;
		};
		371DDBCF2667EEF300A40576 /* Debug */ = {
			isa = XCBuildConfiguration;
			buildSettings = {
				ALWAYS_EMBED_SWIFT_STANDARD_LIBRARIES = YES;
				CODE_SIGN_STYLE = Automatic;
				COMBINE_HIDPI_IMAGES = YES;
				DEVELOPMENT_TEAM = YY9TFMDBD6;
				INFOPLIST_FILE = FeedTests/Info.plist;
				LD_RUNPATH_SEARCH_PATHS = (
					"$(inherited)",
					"@executable_path/../Frameworks",
					"@loader_path/../Frameworks",
				);
				PRODUCT_BUNDLE_IDENTIFIER = mx.ikhalil.FeedTests;
				PRODUCT_NAME = "$(TARGET_NAME)";
				SUPPORTED_PLATFORMS = "macosx iphoneos iphonesimulator";
				SWIFT_VERSION = 5.0;
			};
			name = Debug;
		};
		371DDBD02667EEF300A40576 /* Release */ = {
			isa = XCBuildConfiguration;
			buildSettings = {
				ALWAYS_EMBED_SWIFT_STANDARD_LIBRARIES = YES;
				CODE_SIGN_STYLE = Automatic;
				COMBINE_HIDPI_IMAGES = YES;
				DEVELOPMENT_TEAM = YY9TFMDBD6;
				INFOPLIST_FILE = FeedTests/Info.plist;
				LD_RUNPATH_SEARCH_PATHS = (
					"$(inherited)",
					"@executable_path/../Frameworks",
					"@loader_path/../Frameworks",
				);
				PRODUCT_BUNDLE_IDENTIFIER = mx.ikhalil.FeedTests;
				PRODUCT_NAME = "$(TARGET_NAME)";
				SUPPORTED_PLATFORMS = "macosx iphoneos iphonesimulator";
				SWIFT_VERSION = 5.0;
			};
			name = Release;
		};
		3752FFA427618492008D5730 /* Debug */ = {
			isa = XCBuildConfiguration;
			buildSettings = {
				CLANG_CXX_LANGUAGE_STANDARD = "gnu++17";
				CODE_SIGN_STYLE = Automatic;
				CURRENT_PROJECT_VERSION = 1;
				DEFINES_MODULE = YES;
				DYLIB_COMPATIBILITY_VERSION = 1;
				DYLIB_CURRENT_VERSION = 1;
				DYLIB_INSTALL_NAME_BASE = "@rpath";
				GENERATE_INFOPLIST_FILE = YES;
				INFOPLIST_KEY_NSHumanReadableCopyright = "";
				INSTALL_PATH = "$(LOCAL_LIBRARY_DIR)/Frameworks";
				IPHONEOS_DEPLOYMENT_TARGET = 15.0;
				LD_RUNPATH_SEARCH_PATHS = (
					"$(inherited)",
					"@executable_path/Frameworks",
					"@loader_path/Frameworks",
				);
				MARKETING_VERSION = 1.0;
				PRODUCT_BUNDLE_IDENTIFIER = com.iKhalil.FeediOS;
				PRODUCT_NAME = "$(TARGET_NAME:c99extidentifier)";
				SDKROOT = iphoneos;
				SKIP_INSTALL = YES;
				SWIFT_EMIT_LOC_STRINGS = YES;
				SWIFT_VERSION = 5.0;
				TARGETED_DEVICE_FAMILY = "1,2";
			};
			name = Debug;
		};
		3752FFA527618492008D5730 /* Release */ = {
			isa = XCBuildConfiguration;
			buildSettings = {
				CLANG_CXX_LANGUAGE_STANDARD = "gnu++17";
				CODE_SIGN_STYLE = Automatic;
				CURRENT_PROJECT_VERSION = 1;
				DEFINES_MODULE = YES;
				DYLIB_COMPATIBILITY_VERSION = 1;
				DYLIB_CURRENT_VERSION = 1;
				DYLIB_INSTALL_NAME_BASE = "@rpath";
				GENERATE_INFOPLIST_FILE = YES;
				INFOPLIST_KEY_NSHumanReadableCopyright = "";
				INSTALL_PATH = "$(LOCAL_LIBRARY_DIR)/Frameworks";
				IPHONEOS_DEPLOYMENT_TARGET = 15.0;
				LD_RUNPATH_SEARCH_PATHS = (
					"$(inherited)",
					"@executable_path/Frameworks",
					"@loader_path/Frameworks",
				);
				MARKETING_VERSION = 1.0;
				PRODUCT_BUNDLE_IDENTIFIER = com.iKhalil.FeediOS;
				PRODUCT_NAME = "$(TARGET_NAME:c99extidentifier)";
				SDKROOT = iphoneos;
				SKIP_INSTALL = YES;
				SWIFT_EMIT_LOC_STRINGS = YES;
				SWIFT_VERSION = 5.0;
				TARGETED_DEVICE_FAMILY = "1,2";
				VALIDATE_PRODUCT = YES;
			};
			name = Release;
		};
		3752FFA727618492008D5730 /* Debug */ = {
			isa = XCBuildConfiguration;
			buildSettings = {
				ALWAYS_EMBED_SWIFT_STANDARD_LIBRARIES = YES;
				CLANG_CXX_LANGUAGE_STANDARD = "gnu++17";
				CLANG_ENABLE_MODULES = YES;
				CODE_SIGN_STYLE = Automatic;
				CURRENT_PROJECT_VERSION = 1;
				GENERATE_INFOPLIST_FILE = YES;
				IPHONEOS_DEPLOYMENT_TARGET = 15.0;
				LD_RUNPATH_SEARCH_PATHS = (
					"$(inherited)",
					"@executable_path/Frameworks",
					"@loader_path/Frameworks",
				);
				MARKETING_VERSION = 1.0;
				PRODUCT_BUNDLE_IDENTIFIER = com.iKhalil.FeediOSTests;
				PRODUCT_NAME = "$(TARGET_NAME)";
				SDKROOT = iphoneos;
				SWIFT_EMIT_LOC_STRINGS = NO;
				SWIFT_OBJC_BRIDGING_HEADER = "FeediOSTests/FeediOSTests-Bridging-Header.h";
				SWIFT_OPTIMIZATION_LEVEL = "-Onone";
				SWIFT_VERSION = 5.0;
				TARGETED_DEVICE_FAMILY = "1,2";
			};
			name = Debug;
		};
		3752FFA827618492008D5730 /* Release */ = {
			isa = XCBuildConfiguration;
			buildSettings = {
				ALWAYS_EMBED_SWIFT_STANDARD_LIBRARIES = YES;
				CLANG_CXX_LANGUAGE_STANDARD = "gnu++17";
				CLANG_ENABLE_MODULES = YES;
				CODE_SIGN_STYLE = Automatic;
				CURRENT_PROJECT_VERSION = 1;
				GENERATE_INFOPLIST_FILE = YES;
				IPHONEOS_DEPLOYMENT_TARGET = 15.0;
				LD_RUNPATH_SEARCH_PATHS = (
					"$(inherited)",
					"@executable_path/Frameworks",
					"@loader_path/Frameworks",
				);
				MARKETING_VERSION = 1.0;
				PRODUCT_BUNDLE_IDENTIFIER = com.iKhalil.FeediOSTests;
				PRODUCT_NAME = "$(TARGET_NAME)";
				SDKROOT = iphoneos;
				SWIFT_EMIT_LOC_STRINGS = NO;
				SWIFT_OBJC_BRIDGING_HEADER = "FeediOSTests/FeediOSTests-Bridging-Header.h";
				SWIFT_VERSION = 5.0;
				TARGETED_DEVICE_FAMILY = "1,2";
				VALIDATE_PRODUCT = YES;
			};
			name = Release;
		};
		37815224268A969500050547 /* Debug */ = {
			isa = XCBuildConfiguration;
			buildSettings = {
				CODE_SIGN_STYLE = Automatic;
				COMBINE_HIDPI_IMAGES = YES;
				DEVELOPMENT_TEAM = YY9TFMDBD6;
				INFOPLIST_FILE = FeedAPIEndToEndTests/Info.plist;
				LD_RUNPATH_SEARCH_PATHS = (
					"$(inherited)",
					"@executable_path/../Frameworks",
					"@loader_path/../Frameworks",
				);
				PRODUCT_BUNDLE_IDENTIFIER = mx.ikhalil.FeedAPIEndToEndTests;
				PRODUCT_NAME = "$(TARGET_NAME)";
				SUPPORTED_PLATFORMS = "macosx iphonesimulator iphoneos";
				SWIFT_VERSION = 5.0;
			};
			name = Debug;
		};
		37815225268A969500050547 /* Release */ = {
			isa = XCBuildConfiguration;
			buildSettings = {
				CODE_SIGN_STYLE = Automatic;
				COMBINE_HIDPI_IMAGES = YES;
				DEVELOPMENT_TEAM = YY9TFMDBD6;
				INFOPLIST_FILE = FeedAPIEndToEndTests/Info.plist;
				LD_RUNPATH_SEARCH_PATHS = (
					"$(inherited)",
					"@executable_path/../Frameworks",
					"@loader_path/../Frameworks",
				);
				PRODUCT_BUNDLE_IDENTIFIER = mx.ikhalil.FeedAPIEndToEndTests;
				PRODUCT_NAME = "$(TARGET_NAME)";
				SUPPORTED_PLATFORMS = "macosx iphonesimulator iphoneos";
				SWIFT_VERSION = 5.0;
			};
			name = Release;
		};
		37DB9B8F272865900094DF9E /* Debug */ = {
			isa = XCBuildConfiguration;
			buildSettings = {
				CODE_SIGN_STYLE = Automatic;
				COMBINE_HIDPI_IMAGES = YES;
				DEVELOPMENT_TEAM = YY9TFMDBD6;
				INFOPLIST_FILE = FeedCacheIntegrationTests/Info.plist;
				LD_RUNPATH_SEARCH_PATHS = (
					"$(inherited)",
					"@executable_path/../Frameworks",
					"@loader_path/../Frameworks",
				);
				MACOSX_DEPLOYMENT_TARGET = 10.15.7;
				PRODUCT_BUNDLE_IDENTIFIER = com.ikhalil.FeedCacheIntegrationTests;
				PRODUCT_NAME = "$(TARGET_NAME)";
				SUPPORTED_PLATFORMS = "macosx iphonesimulator iphoneos";
				SWIFT_VERSION = 5.0;
			};
			name = Debug;
		};
		37DB9B90272865900094DF9E /* Release */ = {
			isa = XCBuildConfiguration;
			buildSettings = {
				CODE_SIGN_STYLE = Automatic;
				COMBINE_HIDPI_IMAGES = YES;
				DEVELOPMENT_TEAM = YY9TFMDBD6;
				INFOPLIST_FILE = FeedCacheIntegrationTests/Info.plist;
				LD_RUNPATH_SEARCH_PATHS = (
					"$(inherited)",
					"@executable_path/../Frameworks",
					"@loader_path/../Frameworks",
				);
				MACOSX_DEPLOYMENT_TARGET = 10.15.7;
				PRODUCT_BUNDLE_IDENTIFIER = com.ikhalil.FeedCacheIntegrationTests;
				PRODUCT_NAME = "$(TARGET_NAME)";
				SUPPORTED_PLATFORMS = "macosx iphonesimulator iphoneos";
				SWIFT_VERSION = 5.0;
			};
			name = Release;
		};
/* End XCBuildConfiguration section */

/* Begin XCConfigurationList section */
		371DDBB12667EEF300A40576 /* Build configuration list for PBXProject "Feed" */ = {
			isa = XCConfigurationList;
			buildConfigurations = (
				371DDBC92667EEF300A40576 /* Debug */,
				371DDBCA2667EEF300A40576 /* Release */,
			);
			defaultConfigurationIsVisible = 0;
			defaultConfigurationName = Release;
		};
		371DDBCB2667EEF300A40576 /* Build configuration list for PBXNativeTarget "Feed" */ = {
			isa = XCConfigurationList;
			buildConfigurations = (
				371DDBCC2667EEF300A40576 /* Debug */,
				371DDBCD2667EEF300A40576 /* Release */,
			);
			defaultConfigurationIsVisible = 0;
			defaultConfigurationName = Release;
		};
		371DDBCE2667EEF300A40576 /* Build configuration list for PBXNativeTarget "FeedTests" */ = {
			isa = XCConfigurationList;
			buildConfigurations = (
				371DDBCF2667EEF300A40576 /* Debug */,
				371DDBD02667EEF300A40576 /* Release */,
			);
			defaultConfigurationIsVisible = 0;
			defaultConfigurationName = Release;
		};
		3752FFA327618492008D5730 /* Build configuration list for PBXNativeTarget "FeediOS" */ = {
			isa = XCConfigurationList;
			buildConfigurations = (
				3752FFA427618492008D5730 /* Debug */,
				3752FFA527618492008D5730 /* Release */,
			);
			defaultConfigurationIsVisible = 0;
			defaultConfigurationName = Release;
		};
		3752FFA627618492008D5730 /* Build configuration list for PBXNativeTarget "FeediOSTests" */ = {
			isa = XCConfigurationList;
			buildConfigurations = (
				3752FFA727618492008D5730 /* Debug */,
				3752FFA827618492008D5730 /* Release */,
			);
			defaultConfigurationIsVisible = 0;
			defaultConfigurationName = Release;
		};
		37815226268A969500050547 /* Build configuration list for PBXNativeTarget "FeedAPIEndToEndTests" */ = {
			isa = XCConfigurationList;
			buildConfigurations = (
				37815224268A969500050547 /* Debug */,
				37815225268A969500050547 /* Release */,
			);
			defaultConfigurationIsVisible = 0;
			defaultConfigurationName = Release;
		};
		37DB9B91272865900094DF9E /* Build configuration list for PBXNativeTarget "FeedCacheIntegrationTests" */ = {
			isa = XCConfigurationList;
			buildConfigurations = (
				37DB9B8F272865900094DF9E /* Debug */,
				37DB9B90272865900094DF9E /* Release */,
			);
			defaultConfigurationIsVisible = 0;
			defaultConfigurationName = Release;
		};
/* End XCConfigurationList section */

/* Begin XCVersionGroup section */
		37B7CC1F271A1E6D00999683 /* FeedStore.xcdatamodeld */ = {
			isa = XCVersionGroup;
			children = (
				37B7CC20271A1E6D00999683 /* FeedStore.xcdatamodel */,
			);
			currentVersion = 37B7CC20271A1E6D00999683 /* FeedStore.xcdatamodel */;
			path = FeedStore.xcdatamodeld;
			sourceTree = "<group>";
			versionGroupType = wrapper.xcdatamodel;
		};
/* End XCVersionGroup section */
	};
	rootObject = 371DDBAE2667EEF300A40576 /* Project object */;
}
