// !$*UTF8*$!
{
	archiveVersion = 1;
	classes = {
	};
	objectVersion = 55;
	objects = {

/* Begin PBXBuildFile section */
		3702D4F127F28C8600CDE5FF /* FeedLoaderWithFallbackCompositeTests.swift in Sources */ = {isa = PBXBuildFile; fileRef = 3702D4F027F28C8600CDE5FF /* FeedLoaderWithFallbackCompositeTests.swift */; };
		3702D4F327F529BB00CDE5FF /* XCTestCase+MemoryLeakTracking.swift in Sources */ = {isa = PBXBuildFile; fileRef = 3702D4F227F529BB00CDE5FF /* XCTestCase+MemoryLeakTracking.swift */; };
		3702D4F627F52B0C00CDE5FF /* SharedTestHelpers.swift in Sources */ = {isa = PBXBuildFile; fileRef = 3702D4F527F52B0C00CDE5FF /* SharedTestHelpers.swift */; };
		3702D4F827F5301300CDE5FF /* FeedLoaderWithFallbackComposite.swift in Sources */ = {isa = PBXBuildFile; fileRef = 3702D4F727F5301300CDE5FF /* FeedLoaderWithFallbackComposite.swift */; };
		3702D4FA27F5335500CDE5FF /* FeedImageDataLoaderWithFallbackCompositeTests.swift in Sources */ = {isa = PBXBuildFile; fileRef = 3702D4F927F5335500CDE5FF /* FeedImageDataLoaderWithFallbackCompositeTests.swift */; };
		3702D4FC27F5360A00CDE5FF /* UIImage+ImageData.swift in Sources */ = {isa = PBXBuildFile; fileRef = 3702D4FB27F5360A00CDE5FF /* UIImage+ImageData.swift */; };
		37812A4127EBF2D90070E802 /* AppDelegate.swift in Sources */ = {isa = PBXBuildFile; fileRef = 37812A4027EBF2D90070E802 /* AppDelegate.swift */; };
		37812A4327EBF2D90070E802 /* SceneDelegate.swift in Sources */ = {isa = PBXBuildFile; fileRef = 37812A4227EBF2D90070E802 /* SceneDelegate.swift */; };
		37812A4527EBF2D90070E802 /* ViewController.swift in Sources */ = {isa = PBXBuildFile; fileRef = 37812A4427EBF2D90070E802 /* ViewController.swift */; };
		37812A4827EBF2D90070E802 /* Main.storyboard in Resources */ = {isa = PBXBuildFile; fileRef = 37812A4627EBF2D90070E802 /* Main.storyboard */; };
		37812A4A27EBF2DA0070E802 /* Assets.xcassets in Resources */ = {isa = PBXBuildFile; fileRef = 37812A4927EBF2DA0070E802 /* Assets.xcassets */; };
		37812A4D27EBF2DA0070E802 /* LaunchScreen.storyboard in Resources */ = {isa = PBXBuildFile; fileRef = 37812A4B27EBF2DA0070E802 /* LaunchScreen.storyboard */; };
		37812A5727ED3DAB0070E802 /* Feed.framework in Frameworks */ = {isa = PBXBuildFile; fileRef = 37812A5527ED3DAB0070E802 /* Feed.framework */; };
		37812A5827ED3DAB0070E802 /* Feed.framework in Embed Frameworks */ = {isa = PBXBuildFile; fileRef = 37812A5527ED3DAB0070E802 /* Feed.framework */; settings = {ATTRIBUTES = (CodeSignOnCopy, RemoveHeadersOnCopy, ); }; };
		37812A5927ED3DAB0070E802 /* FeediOS.framework in Frameworks */ = {isa = PBXBuildFile; fileRef = 37812A5627ED3DAB0070E802 /* FeediOS.framework */; };
		37812A5A27ED3DAB0070E802 /* FeediOS.framework in Embed Frameworks */ = {isa = PBXBuildFile; fileRef = 37812A5627ED3DAB0070E802 /* FeediOS.framework */; settings = {ATTRIBUTES = (CodeSignOnCopy, RemoveHeadersOnCopy, ); }; };
		37C72E132808979F00857D99 /* EssentialAppUIAcceptanceTests.swift in Sources */ = {isa = PBXBuildFile; fileRef = 37C72E122808979F00857D99 /* EssentialAppUIAcceptanceTests.swift */; };
		37C72E152808979F00857D99 /* EssentialAppUIAcceptanceTestsLaunchTests.swift in Sources */ = {isa = PBXBuildFile; fileRef = 37C72E142808979F00857D99 /* EssentialAppUIAcceptanceTestsLaunchTests.swift */; };
		37EE1CA427F7CF3200B36473 /* FeedImageDataLoaderWithFallbackComposite.swift in Sources */ = {isa = PBXBuildFile; fileRef = 37EE1CA327F7CF3200B36473 /* FeedImageDataLoaderWithFallbackComposite.swift */; };
		37F6C9A92804ED020010A255 /* FeedLoaderCachaDecoratorTests.swift in Sources */ = {isa = PBXBuildFile; fileRef = 37F6C9A82804ED020010A255 /* FeedLoaderCachaDecoratorTests.swift */; };
		37F6C9AB2804F2880010A255 /* FeedLoaderStub.swift in Sources */ = {isa = PBXBuildFile; fileRef = 37F6C9AA2804F2880010A255 /* FeedLoaderStub.swift */; };
		37F6C9AD2804F3A90010A255 /* XCTestCase+FeedLoader.swift in Sources */ = {isa = PBXBuildFile; fileRef = 37F6C9AC2804F3A90010A255 /* XCTestCase+FeedLoader.swift */; };
		37F6C9B12806404A0010A255 /* FeedLoaderCachaDecorator.swift in Sources */ = {isa = PBXBuildFile; fileRef = 37F6C9B02806404A0010A255 /* FeedLoaderCachaDecorator.swift */; };
		37F6C9B3280642B90010A255 /* FeedLoaderImageCacheDecoratorTests.swift in Sources */ = {isa = PBXBuildFile; fileRef = 37F6C9B2280642B90010A255 /* FeedLoaderImageCacheDecoratorTests.swift */; };
		37F6C9B5280647480010A255 /* FeedImageDataLoaderStub.swift in Sources */ = {isa = PBXBuildFile; fileRef = 37F6C9B4280647480010A255 /* FeedImageDataLoaderStub.swift */; };
		37F6C9B9280796130010A255 /* FeedLoaderImageCacheDecorator.swift in Sources */ = {isa = PBXBuildFile; fileRef = 37F6C9B8280796130010A255 /* FeedLoaderImageCacheDecorator.swift */; };
		37F6C9BB280796740010A255 /* ImageCacheSpy.swift in Sources */ = {isa = PBXBuildFile; fileRef = 37F6C9BA280796740010A255 /* ImageCacheSpy.swift */; };
/* End PBXBuildFile section */

/* Begin PBXContainerItemProxy section */
		3702D4EA27F28C4900CDE5FF /* PBXContainerItemProxy */ = {
			isa = PBXContainerItemProxy;
			containerPortal = 37812A3527EBF2D90070E802 /* Project object */;
			proxyType = 1;
			remoteGlobalIDString = 37812A3C27EBF2D90070E802;
			remoteInfo = EssentialApp;
		};
		37C72E162808979F00857D99 /* PBXContainerItemProxy */ = {
			isa = PBXContainerItemProxy;
			containerPortal = 37812A3527EBF2D90070E802 /* Project object */;
			proxyType = 1;
			remoteGlobalIDString = 37812A3C27EBF2D90070E802;
			remoteInfo = EssentialApp;
		};
/* End PBXContainerItemProxy section */

/* Begin PBXCopyFilesBuildPhase section */
		37812A5B27ED3DAB0070E802 /* Embed Frameworks */ = {
			isa = PBXCopyFilesBuildPhase;
			buildActionMask = 2147483647;
			dstPath = "";
			dstSubfolderSpec = 10;
			files = (
				37812A5A27ED3DAB0070E802 /* FeediOS.framework in Embed Frameworks */,
				37812A5827ED3DAB0070E802 /* Feed.framework in Embed Frameworks */,
			);
			name = "Embed Frameworks";
			runOnlyForDeploymentPostprocessing = 0;
		};
/* End PBXCopyFilesBuildPhase section */

/* Begin PBXFileReference section */
		3702D4E627F28C4800CDE5FF /* EssentialAppTests.xctest */ = {isa = PBXFileReference; explicitFileType = wrapper.cfbundle; includeInIndex = 0; path = EssentialAppTests.xctest; sourceTree = BUILT_PRODUCTS_DIR; };
		3702D4EF27F28C8600CDE5FF /* EssentialAppTests-Bridging-Header.h */ = {isa = PBXFileReference; lastKnownFileType = sourcecode.c.h; path = "EssentialAppTests-Bridging-Header.h"; sourceTree = "<group>"; };
		3702D4F027F28C8600CDE5FF /* FeedLoaderWithFallbackCompositeTests.swift */ = {isa = PBXFileReference; lastKnownFileType = sourcecode.swift; path = FeedLoaderWithFallbackCompositeTests.swift; sourceTree = "<group>"; };
		3702D4F227F529BB00CDE5FF /* XCTestCase+MemoryLeakTracking.swift */ = {isa = PBXFileReference; lastKnownFileType = sourcecode.swift; path = "XCTestCase+MemoryLeakTracking.swift"; sourceTree = "<group>"; };
		3702D4F527F52B0C00CDE5FF /* SharedTestHelpers.swift */ = {isa = PBXFileReference; lastKnownFileType = sourcecode.swift; path = SharedTestHelpers.swift; sourceTree = "<group>"; };
		3702D4F727F5301300CDE5FF /* FeedLoaderWithFallbackComposite.swift */ = {isa = PBXFileReference; lastKnownFileType = sourcecode.swift; path = FeedLoaderWithFallbackComposite.swift; sourceTree = "<group>"; };
		3702D4F927F5335500CDE5FF /* FeedImageDataLoaderWithFallbackCompositeTests.swift */ = {isa = PBXFileReference; lastKnownFileType = sourcecode.swift; path = FeedImageDataLoaderWithFallbackCompositeTests.swift; sourceTree = "<group>"; };
		3702D4FB27F5360A00CDE5FF /* UIImage+ImageData.swift */ = {isa = PBXFileReference; lastKnownFileType = sourcecode.swift; path = "UIImage+ImageData.swift"; sourceTree = "<group>"; };
		37812A3D27EBF2D90070E802 /* EssentialApp.app */ = {isa = PBXFileReference; explicitFileType = wrapper.application; includeInIndex = 0; path = EssentialApp.app; sourceTree = BUILT_PRODUCTS_DIR; };
		37812A4027EBF2D90070E802 /* AppDelegate.swift */ = {isa = PBXFileReference; lastKnownFileType = sourcecode.swift; path = AppDelegate.swift; sourceTree = "<group>"; };
		37812A4227EBF2D90070E802 /* SceneDelegate.swift */ = {isa = PBXFileReference; lastKnownFileType = sourcecode.swift; path = SceneDelegate.swift; sourceTree = "<group>"; };
		37812A4427EBF2D90070E802 /* ViewController.swift */ = {isa = PBXFileReference; lastKnownFileType = sourcecode.swift; path = ViewController.swift; sourceTree = "<group>"; };
		37812A4727EBF2D90070E802 /* Base */ = {isa = PBXFileReference; lastKnownFileType = file.storyboard; name = Base; path = Base.lproj/Main.storyboard; sourceTree = "<group>"; };
		37812A4927EBF2DA0070E802 /* Assets.xcassets */ = {isa = PBXFileReference; lastKnownFileType = folder.assetcatalog; path = Assets.xcassets; sourceTree = "<group>"; };
		37812A4C27EBF2DA0070E802 /* Base */ = {isa = PBXFileReference; lastKnownFileType = file.storyboard; name = Base; path = Base.lproj/LaunchScreen.storyboard; sourceTree = "<group>"; };
		37812A4E27EBF2DA0070E802 /* Info.plist */ = {isa = PBXFileReference; lastKnownFileType = text.plist.xml; path = Info.plist; sourceTree = "<group>"; };
		37812A5527ED3DAB0070E802 /* Feed.framework */ = {isa = PBXFileReference; explicitFileType = wrapper.framework; path = Feed.framework; sourceTree = BUILT_PRODUCTS_DIR; };
		37812A5627ED3DAB0070E802 /* FeediOS.framework */ = {isa = PBXFileReference; explicitFileType = wrapper.framework; path = FeediOS.framework; sourceTree = BUILT_PRODUCTS_DIR; };
		37C72E102808979F00857D99 /* EssentialAppUIAcceptanceTests.xctest */ = {isa = PBXFileReference; explicitFileType = wrapper.cfbundle; includeInIndex = 0; path = EssentialAppUIAcceptanceTests.xctest; sourceTree = BUILT_PRODUCTS_DIR; };
		37C72E122808979F00857D99 /* EssentialAppUIAcceptanceTests.swift */ = {isa = PBXFileReference; lastKnownFileType = sourcecode.swift; path = EssentialAppUIAcceptanceTests.swift; sourceTree = "<group>"; };
		37C72E142808979F00857D99 /* EssentialAppUIAcceptanceTestsLaunchTests.swift */ = {isa = PBXFileReference; lastKnownFileType = sourcecode.swift; path = EssentialAppUIAcceptanceTestsLaunchTests.swift; sourceTree = "<group>"; };
		37EE1CA327F7CF3200B36473 /* FeedImageDataLoaderWithFallbackComposite.swift */ = {isa = PBXFileReference; lastKnownFileType = sourcecode.swift; path = FeedImageDataLoaderWithFallbackComposite.swift; sourceTree = "<group>"; };
		37F6C9A82804ED020010A255 /* FeedLoaderCachaDecoratorTests.swift */ = {isa = PBXFileReference; lastKnownFileType = sourcecode.swift; path = FeedLoaderCachaDecoratorTests.swift; sourceTree = "<group>"; };
		37F6C9AA2804F2880010A255 /* FeedLoaderStub.swift */ = {isa = PBXFileReference; lastKnownFileType = sourcecode.swift; path = FeedLoaderStub.swift; sourceTree = "<group>"; };
		37F6C9AC2804F3A90010A255 /* XCTestCase+FeedLoader.swift */ = {isa = PBXFileReference; lastKnownFileType = sourcecode.swift; path = "XCTestCase+FeedLoader.swift"; sourceTree = "<group>"; };
		37F6C9B02806404A0010A255 /* FeedLoaderCachaDecorator.swift */ = {isa = PBXFileReference; lastKnownFileType = sourcecode.swift; path = FeedLoaderCachaDecorator.swift; sourceTree = "<group>"; };
		37F6C9B2280642B90010A255 /* FeedLoaderImageCacheDecoratorTests.swift */ = {isa = PBXFileReference; lastKnownFileType = sourcecode.swift; path = FeedLoaderImageCacheDecoratorTests.swift; sourceTree = "<group>"; };
		37F6C9B4280647480010A255 /* FeedImageDataLoaderStub.swift */ = {isa = PBXFileReference; lastKnownFileType = sourcecode.swift; path = FeedImageDataLoaderStub.swift; sourceTree = "<group>"; };
		37F6C9B8280796130010A255 /* FeedLoaderImageCacheDecorator.swift */ = {isa = PBXFileReference; lastKnownFileType = sourcecode.swift; path = FeedLoaderImageCacheDecorator.swift; sourceTree = "<group>"; };
		37F6C9BA280796740010A255 /* ImageCacheSpy.swift */ = {isa = PBXFileReference; lastKnownFileType = sourcecode.swift; path = ImageCacheSpy.swift; sourceTree = "<group>"; };
/* End PBXFileReference section */

/* Begin PBXFrameworksBuildPhase section */
		3702D4E327F28C4800CDE5FF /* Frameworks */ = {
			isa = PBXFrameworksBuildPhase;
			buildActionMask = 2147483647;
			files = (
			);
			runOnlyForDeploymentPostprocessing = 0;
		};
		37812A3A27EBF2D90070E802 /* Frameworks */ = {
			isa = PBXFrameworksBuildPhase;
			buildActionMask = 2147483647;
			files = (
				37812A5927ED3DAB0070E802 /* FeediOS.framework in Frameworks */,
				37812A5727ED3DAB0070E802 /* Feed.framework in Frameworks */,
			);
			runOnlyForDeploymentPostprocessing = 0;
		};
		37C72E0D2808979F00857D99 /* Frameworks */ = {
			isa = PBXFrameworksBuildPhase;
			buildActionMask = 2147483647;
			files = (
			);
			runOnlyForDeploymentPostprocessing = 0;
		};
/* End PBXFrameworksBuildPhase section */

/* Begin PBXGroup section */
		3702D4E727F28C4800CDE5FF /* EssentialAppTests */ = {
			isa = PBXGroup;
			children = (
				3702D4F427F52B0100CDE5FF /* Helpers */,
				3702D4F027F28C8600CDE5FF /* FeedLoaderWithFallbackCompositeTests.swift */,
				3702D4F927F5335500CDE5FF /* FeedImageDataLoaderWithFallbackCompositeTests.swift */,
				3702D4EF27F28C8600CDE5FF /* EssentialAppTests-Bridging-Header.h */,
				37F6C9A82804ED020010A255 /* FeedLoaderCachaDecoratorTests.swift */,
				37F6C9B2280642B90010A255 /* FeedLoaderImageCacheDecoratorTests.swift */,
			);
			path = EssentialAppTests;
			sourceTree = "<group>";
		};
		3702D4F427F52B0100CDE5FF /* Helpers */ = {
			isa = PBXGroup;
			children = (
				3702D4F227F529BB00CDE5FF /* XCTestCase+MemoryLeakTracking.swift */,
				3702D4F527F52B0C00CDE5FF /* SharedTestHelpers.swift */,
				3702D4FB27F5360A00CDE5FF /* UIImage+ImageData.swift */,
				37F6C9AA2804F2880010A255 /* FeedLoaderStub.swift */,
				37F6C9AC2804F3A90010A255 /* XCTestCase+FeedLoader.swift */,
				37F6C9B4280647480010A255 /* FeedImageDataLoaderStub.swift */,
				37F6C9BA280796740010A255 /* ImageCacheSpy.swift */,
			);
			path = Helpers;
			sourceTree = "<group>";
		};
		37812A3427EBF2D90070E802 = {
			isa = PBXGroup;
			children = (
				37812A3F27EBF2D90070E802 /* EssentialApp */,
				3702D4E727F28C4800CDE5FF /* EssentialAppTests */,
				37C72E112808979F00857D99 /* EssentialAppUIAcceptanceTests */,
				37812A3E27EBF2D90070E802 /* Products */,
				37812A5427ED3DAB0070E802 /* Frameworks */,
			);
			sourceTree = "<group>";
		};
		37812A3E27EBF2D90070E802 /* Products */ = {
			isa = PBXGroup;
			children = (
				37812A3D27EBF2D90070E802 /* EssentialApp.app */,
				3702D4E627F28C4800CDE5FF /* EssentialAppTests.xctest */,
				37C72E102808979F00857D99 /* EssentialAppUIAcceptanceTests.xctest */,
			);
			name = Products;
			sourceTree = "<group>";
		};
		37812A3F27EBF2D90070E802 /* EssentialApp */ = {
			isa = PBXGroup;
			children = (
				37812A4027EBF2D90070E802 /* AppDelegate.swift */,
				37812A4227EBF2D90070E802 /* SceneDelegate.swift */,
				37812A4427EBF2D90070E802 /* ViewController.swift */,
				37812A4627EBF2D90070E802 /* Main.storyboard */,
				37812A4927EBF2DA0070E802 /* Assets.xcassets */,
				37812A4B27EBF2DA0070E802 /* LaunchScreen.storyboard */,
				37812A4E27EBF2DA0070E802 /* Info.plist */,
				3702D4F727F5301300CDE5FF /* FeedLoaderWithFallbackComposite.swift */,
				37EE1CA327F7CF3200B36473 /* FeedImageDataLoaderWithFallbackComposite.swift */,
				37F6C9B02806404A0010A255 /* FeedLoaderCachaDecorator.swift */,
				37F6C9B8280796130010A255 /* FeedLoaderImageCacheDecorator.swift */,
			);
			path = EssentialApp;
			sourceTree = "<group>";
		};
		37812A5427ED3DAB0070E802 /* Frameworks */ = {
			isa = PBXGroup;
			children = (
				37812A5527ED3DAB0070E802 /* Feed.framework */,
				37812A5627ED3DAB0070E802 /* FeediOS.framework */,
			);
			name = Frameworks;
			sourceTree = "<group>";
		};
		37C72E112808979F00857D99 /* EssentialAppUIAcceptanceTests */ = {
			isa = PBXGroup;
			children = (
				37C72E122808979F00857D99 /* EssentialAppUIAcceptanceTests.swift */,
				37C72E142808979F00857D99 /* EssentialAppUIAcceptanceTestsLaunchTests.swift */,
			);
			path = EssentialAppUIAcceptanceTests;
			sourceTree = "<group>";
		};
/* End PBXGroup section */

/* Begin PBXNativeTarget section */
		3702D4E527F28C4800CDE5FF /* EssentialAppTests */ = {
			isa = PBXNativeTarget;
			buildConfigurationList = 3702D4EE27F28C4900CDE5FF /* Build configuration list for PBXNativeTarget "EssentialAppTests" */;
			buildPhases = (
				3702D4E227F28C4800CDE5FF /* Sources */,
				3702D4E327F28C4800CDE5FF /* Frameworks */,
				3702D4E427F28C4800CDE5FF /* Resources */,
			);
			buildRules = (
			);
			dependencies = (
				3702D4EB27F28C4900CDE5FF /* PBXTargetDependency */,
			);
			name = EssentialAppTests;
			productName = EssentialAppTests;
			productReference = 3702D4E627F28C4800CDE5FF /* EssentialAppTests.xctest */;
			productType = "com.apple.product-type.bundle.unit-test";
		};
		37812A3C27EBF2D90070E802 /* EssentialApp */ = {
			isa = PBXNativeTarget;
			buildConfigurationList = 37812A5127EBF2DA0070E802 /* Build configuration list for PBXNativeTarget "EssentialApp" */;
			buildPhases = (
				37812A3927EBF2D90070E802 /* Sources */,
				37812A3A27EBF2D90070E802 /* Frameworks */,
				37812A3B27EBF2D90070E802 /* Resources */,
				37812A5B27ED3DAB0070E802 /* Embed Frameworks */,
			);
			buildRules = (
			);
			dependencies = (
			);
			name = EssentialApp;
			productName = EssentialApp;
			productReference = 37812A3D27EBF2D90070E802 /* EssentialApp.app */;
			productType = "com.apple.product-type.application";
		};
		37C72E0F2808979F00857D99 /* EssentialAppUIAcceptanceTests */ = {
			isa = PBXNativeTarget;
			buildConfigurationList = 37C72E1A2808979F00857D99 /* Build configuration list for PBXNativeTarget "EssentialAppUIAcceptanceTests" */;
			buildPhases = (
				37C72E0C2808979F00857D99 /* Sources */,
				37C72E0D2808979F00857D99 /* Frameworks */,
				37C72E0E2808979F00857D99 /* Resources */,
			);
			buildRules = (
			);
			dependencies = (
				37C72E172808979F00857D99 /* PBXTargetDependency */,
			);
			name = EssentialAppUIAcceptanceTests;
			productName = EssentialAppUIAcceptanceTests;
			productReference = 37C72E102808979F00857D99 /* EssentialAppUIAcceptanceTests.xctest */;
			productType = "com.apple.product-type.bundle.ui-testing";
		};
/* End PBXNativeTarget section */

/* Begin PBXProject section */
		37812A3527EBF2D90070E802 /* Project object */ = {
			isa = PBXProject;
			attributes = {
				BuildIndependentTargetsInParallel = 1;
				LastSwiftUpdateCheck = 1310;
				LastUpgradeCheck = 1310;
				TargetAttributes = {
					3702D4E527F28C4800CDE5FF = {
						CreatedOnToolsVersion = 13.1;
						LastSwiftMigration = 1310;
						TestTargetID = 37812A3C27EBF2D90070E802;
					};
					37812A3C27EBF2D90070E802 = {
						CreatedOnToolsVersion = 13.1;
					};
					37C72E0F2808979F00857D99 = {
						CreatedOnToolsVersion = 13.1;
						TestTargetID = 37812A3C27EBF2D90070E802;
					};
				};
			};
			buildConfigurationList = 37812A3827EBF2D90070E802 /* Build configuration list for PBXProject "EssentialApp" */;
			compatibilityVersion = "Xcode 13.0";
			developmentRegion = en;
			hasScannedForEncodings = 0;
			knownRegions = (
				en,
				Base,
			);
			mainGroup = 37812A3427EBF2D90070E802;
			productRefGroup = 37812A3E27EBF2D90070E802 /* Products */;
			projectDirPath = "";
			projectRoot = "";
			targets = (
				37812A3C27EBF2D90070E802 /* EssentialApp */,
				3702D4E527F28C4800CDE5FF /* EssentialAppTests */,
				37C72E0F2808979F00857D99 /* EssentialAppUIAcceptanceTests */,
			);
		};
/* End PBXProject section */

/* Begin PBXResourcesBuildPhase section */
		3702D4E427F28C4800CDE5FF /* Resources */ = {
			isa = PBXResourcesBuildPhase;
			buildActionMask = 2147483647;
			files = (
			);
			runOnlyForDeploymentPostprocessing = 0;
		};
		37812A3B27EBF2D90070E802 /* Resources */ = {
			isa = PBXResourcesBuildPhase;
			buildActionMask = 2147483647;
			files = (
				37812A4D27EBF2DA0070E802 /* LaunchScreen.storyboard in Resources */,
				37812A4A27EBF2DA0070E802 /* Assets.xcassets in Resources */,
				37812A4827EBF2D90070E802 /* Main.storyboard in Resources */,
			);
			runOnlyForDeploymentPostprocessing = 0;
		};
		37C72E0E2808979F00857D99 /* Resources */ = {
			isa = PBXResourcesBuildPhase;
			buildActionMask = 2147483647;
			files = (
			);
			runOnlyForDeploymentPostprocessing = 0;
		};
/* End PBXResourcesBuildPhase section */

/* Begin PBXSourcesBuildPhase section */
		3702D4E227F28C4800CDE5FF /* Sources */ = {
			isa = PBXSourcesBuildPhase;
			buildActionMask = 2147483647;
			files = (
				3702D4FA27F5335500CDE5FF /* FeedImageDataLoaderWithFallbackCompositeTests.swift in Sources */,
				37F6C9AB2804F2880010A255 /* FeedLoaderStub.swift in Sources */,
				37F6C9B5280647480010A255 /* FeedImageDataLoaderStub.swift in Sources */,
				37F6C9A92804ED020010A255 /* FeedLoaderCachaDecoratorTests.swift in Sources */,
				37F6C9AD2804F3A90010A255 /* XCTestCase+FeedLoader.swift in Sources */,
				3702D4F127F28C8600CDE5FF /* FeedLoaderWithFallbackCompositeTests.swift in Sources */,
				37F6C9BB280796740010A255 /* ImageCacheSpy.swift in Sources */,
				3702D4F327F529BB00CDE5FF /* XCTestCase+MemoryLeakTracking.swift in Sources */,
				3702D4FC27F5360A00CDE5FF /* UIImage+ImageData.swift in Sources */,
				3702D4F627F52B0C00CDE5FF /* SharedTestHelpers.swift in Sources */,
				37F6C9B3280642B90010A255 /* FeedLoaderImageCacheDecoratorTests.swift in Sources */,
			);
			runOnlyForDeploymentPostprocessing = 0;
		};
		37812A3927EBF2D90070E802 /* Sources */ = {
			isa = PBXSourcesBuildPhase;
			buildActionMask = 2147483647;
			files = (
				37812A4527EBF2D90070E802 /* ViewController.swift in Sources */,
				37F6C9B9280796130010A255 /* FeedLoaderImageCacheDecorator.swift in Sources */,
				37812A4127EBF2D90070E802 /* AppDelegate.swift in Sources */,
				3702D4F827F5301300CDE5FF /* FeedLoaderWithFallbackComposite.swift in Sources */,
				37F6C9B12806404A0010A255 /* FeedLoaderCachaDecorator.swift in Sources */,
				37812A4327EBF2D90070E802 /* SceneDelegate.swift in Sources */,
				37EE1CA427F7CF3200B36473 /* FeedImageDataLoaderWithFallbackComposite.swift in Sources */,
			);
			runOnlyForDeploymentPostprocessing = 0;
		};
		37C72E0C2808979F00857D99 /* Sources */ = {
			isa = PBXSourcesBuildPhase;
			buildActionMask = 2147483647;
			files = (
				37C72E152808979F00857D99 /* EssentialAppUIAcceptanceTestsLaunchTests.swift in Sources */,
				37C72E132808979F00857D99 /* EssentialAppUIAcceptanceTests.swift in Sources */,
			);
			runOnlyForDeploymentPostprocessing = 0;
		};
/* End PBXSourcesBuildPhase section */

/* Begin PBXTargetDependency section */
		3702D4EB27F28C4900CDE5FF /* PBXTargetDependency */ = {
			isa = PBXTargetDependency;
			target = 37812A3C27EBF2D90070E802 /* EssentialApp */;
			targetProxy = 3702D4EA27F28C4900CDE5FF /* PBXContainerItemProxy */;
		};
		37C72E172808979F00857D99 /* PBXTargetDependency */ = {
			isa = PBXTargetDependency;
			target = 37812A3C27EBF2D90070E802 /* EssentialApp */;
			targetProxy = 37C72E162808979F00857D99 /* PBXContainerItemProxy */;
		};
/* End PBXTargetDependency section */

/* Begin PBXVariantGroup section */
		37812A4627EBF2D90070E802 /* Main.storyboard */ = {
			isa = PBXVariantGroup;
			children = (
				37812A4727EBF2D90070E802 /* Base */,
			);
			name = Main.storyboard;
			sourceTree = "<group>";
		};
		37812A4B27EBF2DA0070E802 /* LaunchScreen.storyboard */ = {
			isa = PBXVariantGroup;
			children = (
				37812A4C27EBF2DA0070E802 /* Base */,
			);
			name = LaunchScreen.storyboard;
			sourceTree = "<group>";
		};
/* End PBXVariantGroup section */

/* Begin XCBuildConfiguration section */
		3702D4EC27F28C4900CDE5FF /* Debug */ = {
			isa = XCBuildConfiguration;
			buildSettings = {
				BUNDLE_LOADER = "$(TEST_HOST)";
				CLANG_ENABLE_MODULES = YES;
				CODE_SIGN_STYLE = Automatic;
				CURRENT_PROJECT_VERSION = 1;
				DEVELOPMENT_TEAM = YY9TFMDBD6;
				GENERATE_INFOPLIST_FILE = YES;
				LD_RUNPATH_SEARCH_PATHS = (
					"$(inherited)",
					"@executable_path/Frameworks",
					"@loader_path/Frameworks",
				);
				MARKETING_VERSION = 1.0;
				PRODUCT_BUNDLE_IDENTIFIER = com.iKhalil.EssentialAppTests;
				PRODUCT_NAME = "$(TARGET_NAME)";
				SWIFT_EMIT_LOC_STRINGS = NO;
				SWIFT_OBJC_BRIDGING_HEADER = "EssentialAppTests/EssentialAppTests-Bridging-Header.h";
				SWIFT_OPTIMIZATION_LEVEL = "-Onone";
				SWIFT_VERSION = 5.0;
				TARGETED_DEVICE_FAMILY = "1,2";
				TEST_HOST = "$(BUILT_PRODUCTS_DIR)/EssentialApp.app/EssentialApp";
			};
			name = Debug;
		};
		3702D4ED27F28C4900CDE5FF /* Release */ = {
			isa = XCBuildConfiguration;
			buildSettings = {
				BUNDLE_LOADER = "$(TEST_HOST)";
				CLANG_ENABLE_MODULES = YES;
				CODE_SIGN_STYLE = Automatic;
				CURRENT_PROJECT_VERSION = 1;
				DEVELOPMENT_TEAM = YY9TFMDBD6;
				GENERATE_INFOPLIST_FILE = YES;
				LD_RUNPATH_SEARCH_PATHS = (
					"$(inherited)",
					"@executable_path/Frameworks",
					"@loader_path/Frameworks",
				);
				MARKETING_VERSION = 1.0;
				PRODUCT_BUNDLE_IDENTIFIER = com.iKhalil.EssentialAppTests;
				PRODUCT_NAME = "$(TARGET_NAME)";
				SWIFT_EMIT_LOC_STRINGS = NO;
				SWIFT_OBJC_BRIDGING_HEADER = "EssentialAppTests/EssentialAppTests-Bridging-Header.h";
				SWIFT_VERSION = 5.0;
				TARGETED_DEVICE_FAMILY = "1,2";
				TEST_HOST = "$(BUILT_PRODUCTS_DIR)/EssentialApp.app/EssentialApp";
			};
			name = Release;
		};
		37812A4F27EBF2DA0070E802 /* Debug */ = {
			isa = XCBuildConfiguration;
			buildSettings = {
				ALWAYS_SEARCH_USER_PATHS = NO;
				CLANG_ANALYZER_NONNULL = YES;
				CLANG_ANALYZER_NUMBER_OBJECT_CONVERSION = YES_AGGRESSIVE;
				CLANG_CXX_LANGUAGE_STANDARD = "gnu++17";
				CLANG_CXX_LIBRARY = "libc++";
				CLANG_ENABLE_MODULES = YES;
				CLANG_ENABLE_OBJC_ARC = YES;
				CLANG_ENABLE_OBJC_WEAK = YES;
				CLANG_WARN_BLOCK_CAPTURE_AUTORELEASING = YES;
				CLANG_WARN_BOOL_CONVERSION = YES;
				CLANG_WARN_COMMA = YES;
				CLANG_WARN_CONSTANT_CONVERSION = YES;
				CLANG_WARN_DEPRECATED_OBJC_IMPLEMENTATIONS = YES;
				CLANG_WARN_DIRECT_OBJC_ISA_USAGE = YES_ERROR;
				CLANG_WARN_DOCUMENTATION_COMMENTS = YES;
				CLANG_WARN_EMPTY_BODY = YES;
				CLANG_WARN_ENUM_CONVERSION = YES;
				CLANG_WARN_INFINITE_RECURSION = YES;
				CLANG_WARN_INT_CONVERSION = YES;
				CLANG_WARN_NON_LITERAL_NULL_CONVERSION = YES;
				CLANG_WARN_OBJC_IMPLICIT_RETAIN_SELF = YES;
				CLANG_WARN_OBJC_LITERAL_CONVERSION = YES;
				CLANG_WARN_OBJC_ROOT_CLASS = YES_ERROR;
				CLANG_WARN_QUOTED_INCLUDE_IN_FRAMEWORK_HEADER = YES;
				CLANG_WARN_RANGE_LOOP_ANALYSIS = YES;
				CLANG_WARN_STRICT_PROTOTYPES = YES;
				CLANG_WARN_SUSPICIOUS_MOVE = YES;
				CLANG_WARN_UNGUARDED_AVAILABILITY = YES_AGGRESSIVE;
				CLANG_WARN_UNREACHABLE_CODE = YES;
				CLANG_WARN__DUPLICATE_METHOD_MATCH = YES;
				COPY_PHASE_STRIP = NO;
				DEBUG_INFORMATION_FORMAT = dwarf;
				ENABLE_STRICT_OBJC_MSGSEND = YES;
				ENABLE_TESTABILITY = YES;
				GCC_C_LANGUAGE_STANDARD = gnu11;
				GCC_DYNAMIC_NO_PIC = NO;
				GCC_NO_COMMON_BLOCKS = YES;
				GCC_OPTIMIZATION_LEVEL = 0;
				GCC_PREPROCESSOR_DEFINITIONS = (
					"DEBUG=1",
					"$(inherited)",
				);
				GCC_WARN_64_TO_32_BIT_CONVERSION = YES;
				GCC_WARN_ABOUT_RETURN_TYPE = YES_ERROR;
				GCC_WARN_UNDECLARED_SELECTOR = YES;
				GCC_WARN_UNINITIALIZED_AUTOS = YES_AGGRESSIVE;
				GCC_WARN_UNUSED_FUNCTION = YES;
				GCC_WARN_UNUSED_VARIABLE = YES;
				IPHONEOS_DEPLOYMENT_TARGET = 15.0;
				MTL_ENABLE_DEBUG_INFO = INCLUDE_SOURCE;
				MTL_FAST_MATH = YES;
				ONLY_ACTIVE_ARCH = YES;
				SDKROOT = iphoneos;
				SWIFT_ACTIVE_COMPILATION_CONDITIONS = DEBUG;
				SWIFT_OPTIMIZATION_LEVEL = "-Onone";
			};
			name = Debug;
		};
		37812A5027EBF2DA0070E802 /* Release */ = {
			isa = XCBuildConfiguration;
			buildSettings = {
				ALWAYS_SEARCH_USER_PATHS = NO;
				CLANG_ANALYZER_NONNULL = YES;
				CLANG_ANALYZER_NUMBER_OBJECT_CONVERSION = YES_AGGRESSIVE;
				CLANG_CXX_LANGUAGE_STANDARD = "gnu++17";
				CLANG_CXX_LIBRARY = "libc++";
				CLANG_ENABLE_MODULES = YES;
				CLANG_ENABLE_OBJC_ARC = YES;
				CLANG_ENABLE_OBJC_WEAK = YES;
				CLANG_WARN_BLOCK_CAPTURE_AUTORELEASING = YES;
				CLANG_WARN_BOOL_CONVERSION = YES;
				CLANG_WARN_COMMA = YES;
				CLANG_WARN_CONSTANT_CONVERSION = YES;
				CLANG_WARN_DEPRECATED_OBJC_IMPLEMENTATIONS = YES;
				CLANG_WARN_DIRECT_OBJC_ISA_USAGE = YES_ERROR;
				CLANG_WARN_DOCUMENTATION_COMMENTS = YES;
				CLANG_WARN_EMPTY_BODY = YES;
				CLANG_WARN_ENUM_CONVERSION = YES;
				CLANG_WARN_INFINITE_RECURSION = YES;
				CLANG_WARN_INT_CONVERSION = YES;
				CLANG_WARN_NON_LITERAL_NULL_CONVERSION = YES;
				CLANG_WARN_OBJC_IMPLICIT_RETAIN_SELF = YES;
				CLANG_WARN_OBJC_LITERAL_CONVERSION = YES;
				CLANG_WARN_OBJC_ROOT_CLASS = YES_ERROR;
				CLANG_WARN_QUOTED_INCLUDE_IN_FRAMEWORK_HEADER = YES;
				CLANG_WARN_RANGE_LOOP_ANALYSIS = YES;
				CLANG_WARN_STRICT_PROTOTYPES = YES;
				CLANG_WARN_SUSPICIOUS_MOVE = YES;
				CLANG_WARN_UNGUARDED_AVAILABILITY = YES_AGGRESSIVE;
				CLANG_WARN_UNREACHABLE_CODE = YES;
				CLANG_WARN__DUPLICATE_METHOD_MATCH = YES;
				COPY_PHASE_STRIP = NO;
				DEBUG_INFORMATION_FORMAT = "dwarf-with-dsym";
				ENABLE_NS_ASSERTIONS = NO;
				ENABLE_STRICT_OBJC_MSGSEND = YES;
				GCC_C_LANGUAGE_STANDARD = gnu11;
				GCC_NO_COMMON_BLOCKS = YES;
				GCC_WARN_64_TO_32_BIT_CONVERSION = YES;
				GCC_WARN_ABOUT_RETURN_TYPE = YES_ERROR;
				GCC_WARN_UNDECLARED_SELECTOR = YES;
				GCC_WARN_UNINITIALIZED_AUTOS = YES_AGGRESSIVE;
				GCC_WARN_UNUSED_FUNCTION = YES;
				GCC_WARN_UNUSED_VARIABLE = YES;
				IPHONEOS_DEPLOYMENT_TARGET = 15.0;
				MTL_ENABLE_DEBUG_INFO = NO;
				MTL_FAST_MATH = YES;
				SDKROOT = iphoneos;
				SWIFT_COMPILATION_MODE = wholemodule;
				SWIFT_OPTIMIZATION_LEVEL = "-O";
				VALIDATE_PRODUCT = YES;
			};
			name = Release;
		};
		37812A5227EBF2DA0070E802 /* Debug */ = {
			isa = XCBuildConfiguration;
			buildSettings = {
				ASSETCATALOG_COMPILER_APPICON_NAME = AppIcon;
				ASSETCATALOG_COMPILER_GLOBAL_ACCENT_COLOR_NAME = AccentColor;
				CODE_SIGN_STYLE = Automatic;
				CURRENT_PROJECT_VERSION = 1;
				DEVELOPMENT_TEAM = YY9TFMDBD6;
				GENERATE_INFOPLIST_FILE = YES;
				INFOPLIST_FILE = EssentialApp/Info.plist;
				INFOPLIST_KEY_UIApplicationSupportsIndirectInputEvents = YES;
				INFOPLIST_KEY_UILaunchStoryboardName = LaunchScreen;
				INFOPLIST_KEY_UIMainStoryboardFile = Main;
				INFOPLIST_KEY_UISupportedInterfaceOrientations = UIInterfaceOrientationPortrait;
				INFOPLIST_KEY_UISupportedInterfaceOrientations_iPad = "UIInterfaceOrientationPortrait UIInterfaceOrientationPortraitUpsideDown UIInterfaceOrientationLandscapeLeft UIInterfaceOrientationLandscapeRight";
				INFOPLIST_KEY_UISupportedInterfaceOrientations_iPhone = "UIInterfaceOrientationPortrait UIInterfaceOrientationLandscapeLeft UIInterfaceOrientationLandscapeRight";
				LD_RUNPATH_SEARCH_PATHS = (
					"$(inherited)",
					"@executable_path/Frameworks",
				);
				MARKETING_VERSION = 1.0;
				PRODUCT_BUNDLE_IDENTIFIER = com.iKhalil.EssentialApp;
				PRODUCT_NAME = "$(TARGET_NAME)";
				SWIFT_EMIT_LOC_STRINGS = YES;
				SWIFT_VERSION = 5.0;
				TARGETED_DEVICE_FAMILY = "1,2";
			};
			name = Debug;
		};
		37812A5327EBF2DA0070E802 /* Release */ = {
			isa = XCBuildConfiguration;
			buildSettings = {
				ASSETCATALOG_COMPILER_APPICON_NAME = AppIcon;
				ASSETCATALOG_COMPILER_GLOBAL_ACCENT_COLOR_NAME = AccentColor;
				CODE_SIGN_STYLE = Automatic;
				CURRENT_PROJECT_VERSION = 1;
				DEVELOPMENT_TEAM = YY9TFMDBD6;
				GENERATE_INFOPLIST_FILE = YES;
				INFOPLIST_FILE = EssentialApp/Info.plist;
				INFOPLIST_KEY_UIApplicationSupportsIndirectInputEvents = YES;
				INFOPLIST_KEY_UILaunchStoryboardName = LaunchScreen;
				INFOPLIST_KEY_UIMainStoryboardFile = Main;
				INFOPLIST_KEY_UISupportedInterfaceOrientations = UIInterfaceOrientationPortrait;
				INFOPLIST_KEY_UISupportedInterfaceOrientations_iPad = "UIInterfaceOrientationPortrait UIInterfaceOrientationPortraitUpsideDown UIInterfaceOrientationLandscapeLeft UIInterfaceOrientationLandscapeRight";
				INFOPLIST_KEY_UISupportedInterfaceOrientations_iPhone = "UIInterfaceOrientationPortrait UIInterfaceOrientationLandscapeLeft UIInterfaceOrientationLandscapeRight";
				LD_RUNPATH_SEARCH_PATHS = (
					"$(inherited)",
					"@executable_path/Frameworks",
				);
				MARKETING_VERSION = 1.0;
				PRODUCT_BUNDLE_IDENTIFIER = com.iKhalil.EssentialApp;
				PRODUCT_NAME = "$(TARGET_NAME)";
				SWIFT_EMIT_LOC_STRINGS = YES;
				SWIFT_VERSION = 5.0;
				TARGETED_DEVICE_FAMILY = "1,2";
			};
			name = Release;
		};
		37C72E182808979F00857D99 /* Debug */ = {
			isa = XCBuildConfiguration;
			buildSettings = {
				CODE_SIGN_STYLE = Automatic;
				CURRENT_PROJECT_VERSION = 1;
				DEVELOPMENT_TEAM = YY9TFMDBD6;
				GENERATE_INFOPLIST_FILE = YES;
				LD_RUNPATH_SEARCH_PATHS = (
					"$(inherited)",
					"@executable_path/Frameworks",
					"@loader_path/Frameworks",
				);
				MARKETING_VERSION = 1.0;
				PRODUCT_BUNDLE_IDENTIFIER = com.iKhalil.EssentialAppUIAcceptanceTests;
				PRODUCT_NAME = "$(TARGET_NAME)";
				SWIFT_EMIT_LOC_STRINGS = NO;
				SWIFT_VERSION = 5.0;
				TARGETED_DEVICE_FAMILY = "1,2";
				TEST_TARGET_NAME = EssentialApp;
			};
			name = Debug;
		};
		37C72E192808979F00857D99 /* Release */ = {
			isa = XCBuildConfiguration;
			buildSettings = {
				CODE_SIGN_STYLE = Automatic;
				CURRENT_PROJECT_VERSION = 1;
				DEVELOPMENT_TEAM = YY9TFMDBD6;
				GENERATE_INFOPLIST_FILE = YES;
				LD_RUNPATH_SEARCH_PATHS = (
					"$(inherited)",
					"@executable_path/Frameworks",
					"@loader_path/Frameworks",
				);
				MARKETING_VERSION = 1.0;
				PRODUCT_BUNDLE_IDENTIFIER = com.iKhalil.EssentialAppUIAcceptanceTests;
				PRODUCT_NAME = "$(TARGET_NAME)";
				SWIFT_EMIT_LOC_STRINGS = NO;
				SWIFT_VERSION = 5.0;
				TARGETED_DEVICE_FAMILY = "1,2";
				TEST_TARGET_NAME = EssentialApp;
			};
			name = Release;
		};
/* End XCBuildConfiguration section */

/* Begin XCConfigurationList section */
		3702D4EE27F28C4900CDE5FF /* Build configuration list for PBXNativeTarget "EssentialAppTests" */ = {
			isa = XCConfigurationList;
			buildConfigurations = (
				3702D4EC27F28C4900CDE5FF /* Debug */,
				3702D4ED27F28C4900CDE5FF /* Release */,
			);
			defaultConfigurationIsVisible = 0;
			defaultConfigurationName = Release;
		};
		37812A3827EBF2D90070E802 /* Build configuration list for PBXProject "EssentialApp" */ = {
			isa = XCConfigurationList;
			buildConfigurations = (
				37812A4F27EBF2DA0070E802 /* Debug */,
				37812A5027EBF2DA0070E802 /* Release */,
			);
			defaultConfigurationIsVisible = 0;
			defaultConfigurationName = Release;
		};
		37812A5127EBF2DA0070E802 /* Build configuration list for PBXNativeTarget "EssentialApp" */ = {
			isa = XCConfigurationList;
			buildConfigurations = (
				37812A5227EBF2DA0070E802 /* Debug */,
				37812A5327EBF2DA0070E802 /* Release */,
			);
			defaultConfigurationIsVisible = 0;
			defaultConfigurationName = Release;
		};
		37C72E1A2808979F00857D99 /* Build configuration list for PBXNativeTarget "EssentialAppUIAcceptanceTests" */ = {
			isa = XCConfigurationList;
			buildConfigurations = (
				37C72E182808979F00857D99 /* Debug */,
				37C72E192808979F00857D99 /* Release */,
			);
			defaultConfigurationIsVisible = 0;
			defaultConfigurationName = Release;
		};
/* End XCConfigurationList section */
	};
	rootObject = 37812A3527EBF2D90070E802 /* Project object */;
}
